// !$*UTF8*$!
{
	archiveVersion = 1;
	classes = {
	};
	objectVersion = 46;
	objects = {

/* Begin PBXBuildFile section */
		4401682F1AE1D6F900BBFAFE /* OtherNavController.swift in Sources */ = {isa = PBXBuildFile; fileRef = 4401682E1AE1D6F900BBFAFE /* OtherNavController.swift */; };
		440168311AE1D91D00BBFAFE /* TimelineCell.swift in Sources */ = {isa = PBXBuildFile; fileRef = 440168301AE1D91D00BBFAFE /* TimelineCell.swift */; };
		440168331AE1D9F000BBFAFE /* NavigationViewController.swift in Sources */ = {isa = PBXBuildFile; fileRef = 440168321AE1D9F000BBFAFE /* NavigationViewController.swift */; };
		440168351AE1DA3C00BBFAFE /* NavigationCell.swift in Sources */ = {isa = PBXBuildFile; fileRef = 440168341AE1DA3C00BBFAFE /* NavigationCell.swift */; };
		440168371AE1DA7D00BBFAFE /* TransitionOperator.swift in Sources */ = {isa = PBXBuildFile; fileRef = 440168361AE1DA7D00BBFAFE /* TransitionOperator.swift */; };
		4401683A1AE1DDD500BBFAFE /* Main.storyboard in Resources */ = {isa = PBXBuildFile; fileRef = 440168381AE1DDD500BBFAFE /* Main.storyboard */; };
		4493D5461AE4A04B002136CB /* CoreGraphics.framework in Frameworks */ = {isa = PBXBuildFile; fileRef = 4493D5401AE4A04B002136CB /* CoreGraphics.framework */; };
		4493D5471AE4A04B002136CB /* CoreLocation.framework in Frameworks */ = {isa = PBXBuildFile; fileRef = 4493D5411AE4A04B002136CB /* CoreLocation.framework */; };
		4493D5481AE4A04B002136CB /* libsqlite3.dylib in Frameworks */ = {isa = PBXBuildFile; fileRef = 4493D5421AE4A04B002136CB /* libsqlite3.dylib */; };
		4493D5491AE4A04B002136CB /* libz.dylib in Frameworks */ = {isa = PBXBuildFile; fileRef = 4493D5431AE4A04B002136CB /* libz.dylib */; };
		4493D54A1AE4A04B002136CB /* MobileCoreServices.framework in Frameworks */ = {isa = PBXBuildFile; fileRef = 4493D5441AE4A04B002136CB /* MobileCoreServices.framework */; };
		4493D54E1AE4A0B1002136CB /* Bolts.framework in Frameworks */ = {isa = PBXBuildFile; fileRef = 4493D54C1AE4A0B1002136CB /* Bolts.framework */; };
		4493D54F1AE4A0B1002136CB /* Parse.framework in Frameworks */ = {isa = PBXBuildFile; fileRef = 4493D54D1AE4A0B1002136CB /* Parse.framework */; };
		4493D5561AE4A462002136CB /* usersCell.swift in Sources */ = {isa = PBXBuildFile; fileRef = 4493D5501AE4A462002136CB /* usersCell.swift */; };
		4493D5571AE4A462002136CB /* signUpVC.swift in Sources */ = {isa = PBXBuildFile; fileRef = 4493D5511AE4A462002136CB /* signUpVC.swift */; };
		4493D5581AE4A462002136CB /* tweetVC.swift in Sources */ = {isa = PBXBuildFile; fileRef = 4493D5521AE4A462002136CB /* tweetVC.swift */; };
		4493D5591AE4A462002136CB /* mainCell.swift in Sources */ = {isa = PBXBuildFile; fileRef = 4493D5531AE4A462002136CB /* mainCell.swift */; };
		4493D55A1AE4A462002136CB /* mainVC.swift in Sources */ = {isa = PBXBuildFile; fileRef = 4493D5541AE4A462002136CB /* mainVC.swift */; };
		4493D55B1AE4A462002136CB /* usersVC.swift in Sources */ = {isa = PBXBuildFile; fileRef = 4493D5551AE4A462002136CB /* usersVC.swift */; };
		4493D55D1AE4A632002136CB /* ph.jpg in Resources */ = {isa = PBXBuildFile; fileRef = 4493D55C1AE4A632002136CB /* ph.jpg */; };
		449869741AD1D877001603F8 /* Animal.swift in Sources */ = {isa = PBXBuildFile; fileRef = 4498696A1AD1D877001603F8 /* Animal.swift */; };
		449869751AD1D877001603F8 /* CenterViewController.swift in Sources */ = {isa = PBXBuildFile; fileRef = 4498696B1AD1D877001603F8 /* CenterViewController.swift */; };
		449869761AD1D877001603F8 /* ContainerViewController.swift in Sources */ = {isa = PBXBuildFile; fileRef = 4498696C1AD1D877001603F8 /* ContainerViewController.swift */; };
		449869771AD1D877001603F8 /* FrostedSidebar.swift in Sources */ = {isa = PBXBuildFile; fileRef = 4498696D1AD1D877001603F8 /* FrostedSidebar.swift */; };
		449869781AD1D877001603F8 /* LoginViewController.swift in Sources */ = {isa = PBXBuildFile; fileRef = 4498696E1AD1D877001603F8 /* LoginViewController.swift */; };
		449869791AD1D877001603F8 /* SidePanelViewController.swift in Sources */ = {isa = PBXBuildFile; fileRef = 4498696F1AD1D877001603F8 /* SidePanelViewController.swift */; };
		4498697A1AD1D877001603F8 /* SignUpViewController.swift in Sources */ = {isa = PBXBuildFile; fileRef = 449869701AD1D877001603F8 /* SignUpViewController.swift */; };
		4498697B1AD1D877001603F8 /* TabBarController.swift in Sources */ = {isa = PBXBuildFile; fileRef = 449869711AD1D877001603F8 /* TabBarController.swift */; };
		4498697C1AD1D877001603F8 /* UserViewController.swift in Sources */ = {isa = PBXBuildFile; fileRef = 449869721AD1D877001603F8 /* UserViewController.swift */; };
		4498697D1AD1D877001603F8 /* ViewController.swift in Sources */ = {isa = PBXBuildFile; fileRef = 449869731AD1D877001603F8 /* ViewController.swift */; };
		4498698A1AD1D99C001603F8 /* Background.jpg in Resources */ = {isa = PBXBuildFile; fileRef = 4498697E1AD1D99C001603F8 /* Background.jpg */; };
		4498698B1AD1D99C001603F8 /* burger.png in Resources */ = {isa = PBXBuildFile; fileRef = 4498697F1AD1D99C001603F8 /* burger.png */; };
		4498698C1AD1D99C001603F8 /* burger@2x.png in Resources */ = {isa = PBXBuildFile; fileRef = 449869801AD1D99C001603F8 /* burger@2x.png */; };
		4498698D1AD1D99C001603F8 /* click.gif in Resources */ = {isa = PBXBuildFile; fileRef = 449869811AD1D99C001603F8 /* click.gif */; };
		4498698E1AD1D99C001603F8 /* gear.png in Resources */ = {isa = PBXBuildFile; fileRef = 449869821AD1D99C001603F8 /* gear.png */; };
		4498698F1AD1D99C001603F8 /* gear@2x.png in Resources */ = {isa = PBXBuildFile; fileRef = 449869831AD1D99C001603F8 /* gear@2x.png */; };
		449869901AD1D99C001603F8 /* globe.png in Resources */ = {isa = PBXBuildFile; fileRef = 449869841AD1D99C001603F8 /* globe.png */; };
		449869911AD1D99C001603F8 /* globe@2x.png in Resources */ = {isa = PBXBuildFile; fileRef = 449869851AD1D99C001603F8 /* globe@2x.png */; };
		449869921AD1D99C001603F8 /* profile.png in Resources */ = {isa = PBXBuildFile; fileRef = 449869861AD1D99C001603F8 /* profile.png */; };
		449869931AD1D99C001603F8 /* profile@2x.png in Resources */ = {isa = PBXBuildFile; fileRef = 449869871AD1D99C001603F8 /* profile@2x.png */; };
		449869941AD1D99C001603F8 /* star.png in Resources */ = {isa = PBXBuildFile; fileRef = 449869881AD1D99C001603F8 /* star.png */; };
		449869951AD1D99C001603F8 /* star@2x.png in Resources */ = {isa = PBXBuildFile; fileRef = 449869891AD1D99C001603F8 /* star@2x.png */; };
		44B715911AE1EB3100D9FE3B /* TimelineViewController.swift in Sources */ = {isa = PBXBuildFile; fileRef = 44B715901AE1EB3100D9FE3B /* TimelineViewController.swift */; };
		44B715921AE3074400D9FE3B /* TipoType - Libertad.otf in Resources */ = {isa = PBXBuildFile; fileRef = E039A5EC1AE3048E008AF130 /* TipoType - Libertad.otf */; };
		58D8F0961AE7121100B7CE89 /* whisper.jpg in Resources */ = {isa = PBXBuildFile; fileRef = 58D8F0951AE7121100B7CE89 /* whisper.jpg */; };
		5F19222719D9D3D900D5C772 /* TwitterAuthHelper.m in Sources */ = {isa = PBXBuildFile; fileRef = 5F19222619D9D3D900D5C772 /* TwitterAuthHelper.m */; };
		5FCB62C1199E7C19008B93DB /* MessagesViewController.swift in Sources */ = {isa = PBXBuildFile; fileRef = 5FCB62C0199E7C19008B93DB /* MessagesViewController.swift */; };
		5FF98CB219A51B8E0041E81A /* Message.swift in Sources */ = {isa = PBXBuildFile; fileRef = 5FF98CB119A51B8E0041E81A /* Message.swift */; };
		5FFF76BF199C191F00AE0269 /* AppDelegate.swift in Sources */ = {isa = PBXBuildFile; fileRef = 5FFF76BE199C191F00AE0269 /* AppDelegate.swift */; };
		5FFF76C6199C191F00AE0269 /* Images.xcassets in Resources */ = {isa = PBXBuildFile; fileRef = 5FFF76C5199C191F00AE0269 /* Images.xcassets */; };
		5FFF76D2199C191F00AE0269 /* FireChat_SwiftTests.swift in Sources */ = {isa = PBXBuildFile; fileRef = 5FFF76D1199C191F00AE0269 /* FireChat_SwiftTests.swift */; };
		5FFF76DC199C192600AE0269 /* libc++.dylib in Frameworks */ = {isa = PBXBuildFile; fileRef = 5FFF76DB199C192600AE0269 /* libc++.dylib */; };
		5FFF76DE199C192900AE0269 /* libicucore.dylib in Frameworks */ = {isa = PBXBuildFile; fileRef = 5FFF76DD199C192900AE0269 /* libicucore.dylib */; };
		5FFF76E0199C193200AE0269 /* SystemConfiguration.framework in Frameworks */ = {isa = PBXBuildFile; fileRef = 5FFF76DF199C193200AE0269 /* SystemConfiguration.framework */; };
		5FFF76E2199C193700AE0269 /* CFNetwork.framework in Frameworks */ = {isa = PBXBuildFile; fileRef = 5FFF76E1199C193700AE0269 /* CFNetwork.framework */; };
		5FFF76E4199C194800AE0269 /* Security.framework in Frameworks */ = {isa = PBXBuildFile; fileRef = 5FFF76E3199C194800AE0269 /* Security.framework */; };
		5FFF76E8199C19CF00AE0269 /* Firebase.framework in Frameworks */ = {isa = PBXBuildFile; fileRef = 5FFF76E7199C19CF00AE0269 /* Firebase.framework */; };
		5FFF77D7199C1F6C00AE0269 /* bubble.png in Resources */ = {isa = PBXBuildFile; fileRef = 5FFF7784199C1F6C00AE0269 /* bubble.png */; };
		5FFF77D8199C1F6C00AE0269 /* bubble@2x.png in Resources */ = {isa = PBXBuildFile; fileRef = 5FFF7785199C1F6C00AE0269 /* bubble@2x.png */; };
		5FFF77D9199C1F6C00AE0269 /* bubble_min.png in Resources */ = {isa = PBXBuildFile; fileRef = 5FFF7786199C1F6C00AE0269 /* bubble_min.png */; };
		5FFF77DA199C1F6C00AE0269 /* bubble_min@2x.png in Resources */ = {isa = PBXBuildFile; fileRef = 5FFF7787199C1F6C00AE0269 /* bubble_min@2x.png */; };
		5FFF77DB199C1F6C00AE0269 /* bubble_min_tailless.png in Resources */ = {isa = PBXBuildFile; fileRef = 5FFF7788199C1F6C00AE0269 /* bubble_min_tailless.png */; };
		5FFF77DC199C1F6C00AE0269 /* bubble_min_tailless@2x.png in Resources */ = {isa = PBXBuildFile; fileRef = 5FFF7789199C1F6C00AE0269 /* bubble_min_tailless@2x.png */; };
		5FFF77DD199C1F6C00AE0269 /* bubble_stroked.png in Resources */ = {isa = PBXBuildFile; fileRef = 5FFF778A199C1F6C00AE0269 /* bubble_stroked.png */; };
		5FFF77DE199C1F6C00AE0269 /* bubble_stroked@2x.png in Resources */ = {isa = PBXBuildFile; fileRef = 5FFF778B199C1F6C00AE0269 /* bubble_stroked@2x.png */; };
		5FFF77DF199C1F6C00AE0269 /* bubble_stroked_tailless.png in Resources */ = {isa = PBXBuildFile; fileRef = 5FFF778C199C1F6C00AE0269 /* bubble_stroked_tailless.png */; };
		5FFF77E0199C1F6C00AE0269 /* bubble_stroked_tailless@2x.png in Resources */ = {isa = PBXBuildFile; fileRef = 5FFF778D199C1F6C00AE0269 /* bubble_stroked_tailless@2x.png */; };
		5FFF77E1199C1F6C00AE0269 /* bubble_tailless.png in Resources */ = {isa = PBXBuildFile; fileRef = 5FFF778E199C1F6C00AE0269 /* bubble_tailless.png */; };
		5FFF77E2199C1F6C00AE0269 /* bubble_tailless@2x.png in Resources */ = {isa = PBXBuildFile; fileRef = 5FFF778F199C1F6C00AE0269 /* bubble_tailless@2x.png */; };
		5FFF77E3199C1F6C00AE0269 /* camera.png in Resources */ = {isa = PBXBuildFile; fileRef = 5FFF7790199C1F6C00AE0269 /* camera.png */; };
		5FFF77E4199C1F6C00AE0269 /* camera@2x.png in Resources */ = {isa = PBXBuildFile; fileRef = 5FFF7791199C1F6C00AE0269 /* camera@2x.png */; };
		5FFF77E5199C1F6C00AE0269 /* typing.png in Resources */ = {isa = PBXBuildFile; fileRef = 5FFF7792199C1F6C00AE0269 /* typing.png */; };
		5FFF77E6199C1F6C00AE0269 /* typing@2x.png in Resources */ = {isa = PBXBuildFile; fileRef = 5FFF7793199C1F6C00AE0269 /* typing@2x.png */; };
		5FFF77E7199C1F6C00AE0269 /* message_received.aiff in Resources */ = {isa = PBXBuildFile; fileRef = 5FFF7795199C1F6C00AE0269 /* message_received.aiff */; };
		5FFF77E8199C1F6C00AE0269 /* message_sent.aiff in Resources */ = {isa = PBXBuildFile; fileRef = 5FFF7796199C1F6C00AE0269 /* message_sent.aiff */; };
		5FFF77E9199C1F6C00AE0269 /* JSQSystemSoundPlayer+JSQMessages.m in Sources */ = {isa = PBXBuildFile; fileRef = 5FFF7799199C1F6C00AE0269 /* JSQSystemSoundPlayer+JSQMessages.m */; };
		5FFF77EA199C1F6C00AE0269 /* NSString+JSQMessages.m in Sources */ = {isa = PBXBuildFile; fileRef = 5FFF779B199C1F6C00AE0269 /* NSString+JSQMessages.m */; };
		5FFF77EB199C1F6C00AE0269 /* UIColor+JSQMessages.m in Sources */ = {isa = PBXBuildFile; fileRef = 5FFF779D199C1F6C00AE0269 /* UIColor+JSQMessages.m */; };
		5FFF77EC199C1F6C00AE0269 /* UIImage+JSQMessages.m in Sources */ = {isa = PBXBuildFile; fileRef = 5FFF779F199C1F6C00AE0269 /* UIImage+JSQMessages.m */; };
		5FFF77ED199C1F6C00AE0269 /* UIView+JSQMessages.m in Sources */ = {isa = PBXBuildFile; fileRef = 5FFF77A1199C1F6C00AE0269 /* UIView+JSQMessages.m */; };
		5FFF77EE199C1F6C00AE0269 /* JSQMessagesKeyboardController.m in Sources */ = {isa = PBXBuildFile; fileRef = 5FFF77A4199C1F6C00AE0269 /* JSQMessagesKeyboardController.m */; };
		5FFF77EF199C1F6C00AE0269 /* JSQMessagesViewController.m in Sources */ = {isa = PBXBuildFile; fileRef = 5FFF77A6199C1F6C00AE0269 /* JSQMessagesViewController.m */; };
		5FFF77F0199C1F6C00AE0269 /* JSQMessagesViewController.xib in Resources */ = {isa = PBXBuildFile; fileRef = 5FFF77A7199C1F6C00AE0269 /* JSQMessagesViewController.xib */; };
		5FFF77F1199C1F6C00AE0269 /* JSQMessagesAvatarFactory.m in Sources */ = {isa = PBXBuildFile; fileRef = 5FFF77AA199C1F6C00AE0269 /* JSQMessagesAvatarFactory.m */; };
		5FFF77F2199C1F6C00AE0269 /* JSQMessagesBubbleImageFactory.m in Sources */ = {isa = PBXBuildFile; fileRef = 5FFF77AC199C1F6C00AE0269 /* JSQMessagesBubbleImageFactory.m */; };
		5FFF77F3199C1F6C00AE0269 /* JSQMessagesTimestampFormatter.m in Sources */ = {isa = PBXBuildFile; fileRef = 5FFF77AE199C1F6C00AE0269 /* JSQMessagesTimestampFormatter.m */; };
		5FFF77F4199C1F6C00AE0269 /* JSQMessagesToolbarButtonFactory.m in Sources */ = {isa = PBXBuildFile; fileRef = 5FFF77B0199C1F6C00AE0269 /* JSQMessagesToolbarButtonFactory.m */; };
		5FFF77F5199C1F6C00AE0269 /* JSQMessagesCollectionViewFlowLayout.m in Sources */ = {isa = PBXBuildFile; fileRef = 5FFF77B4199C1F6C00AE0269 /* JSQMessagesCollectionViewFlowLayout.m */; };
		5FFF77F6199C1F6C00AE0269 /* JSQMessagesCollectionViewFlowLayoutInvalidationContext.m in Sources */ = {isa = PBXBuildFile; fileRef = 5FFF77B6199C1F6C00AE0269 /* JSQMessagesCollectionViewFlowLayoutInvalidationContext.m */; };
		5FFF77F7199C1F6C00AE0269 /* JSQMessagesCollectionViewLayoutAttributes.m in Sources */ = {isa = PBXBuildFile; fileRef = 5FFF77B8199C1F6C00AE0269 /* JSQMessagesCollectionViewLayoutAttributes.m */; };
		5FFF77F8199C1F6C00AE0269 /* JSQMessage.m in Sources */ = {isa = PBXBuildFile; fileRef = 5FFF77BB199C1F6C00AE0269 /* JSQMessage.m */; };
		5FFF77F9199C1F6C00AE0269 /* JSQMessagesCollectionView.m in Sources */ = {isa = PBXBuildFile; fileRef = 5FFF77BF199C1F6C00AE0269 /* JSQMessagesCollectionView.m */; };
		5FFF77FA199C1F6C00AE0269 /* JSQMessagesCollectionViewCell.m in Sources */ = {isa = PBXBuildFile; fileRef = 5FFF77C1199C1F6C00AE0269 /* JSQMessagesCollectionViewCell.m */; };
		5FFF77FB199C1F6C00AE0269 /* JSQMessagesCollectionViewCellIncoming.m in Sources */ = {isa = PBXBuildFile; fileRef = 5FFF77C3199C1F6C00AE0269 /* JSQMessagesCollectionViewCellIncoming.m */; };
		5FFF77FC199C1F6C00AE0269 /* JSQMessagesCollectionViewCellIncoming.xib in Resources */ = {isa = PBXBuildFile; fileRef = 5FFF77C4199C1F6C00AE0269 /* JSQMessagesCollectionViewCellIncoming.xib */; };
		5FFF77FD199C1F6C00AE0269 /* JSQMessagesCollectionViewCellOutgoing.m in Sources */ = {isa = PBXBuildFile; fileRef = 5FFF77C6199C1F6C00AE0269 /* JSQMessagesCollectionViewCellOutgoing.m */; };
		5FFF77FE199C1F6C00AE0269 /* JSQMessagesCollectionViewCellOutgoing.xib in Resources */ = {isa = PBXBuildFile; fileRef = 5FFF77C7199C1F6C00AE0269 /* JSQMessagesCollectionViewCellOutgoing.xib */; };
		5FFF77FF199C1F6C00AE0269 /* JSQMessagesComposerTextView.m in Sources */ = {isa = PBXBuildFile; fileRef = 5FFF77C9199C1F6C00AE0269 /* JSQMessagesComposerTextView.m */; };
		5FFF7800199C1F6C00AE0269 /* JSQMessagesInputToolbar.m in Sources */ = {isa = PBXBuildFile; fileRef = 5FFF77CB199C1F6C00AE0269 /* JSQMessagesInputToolbar.m */; };
		5FFF7801199C1F6C00AE0269 /* JSQMessagesLabel.m in Sources */ = {isa = PBXBuildFile; fileRef = 5FFF77CD199C1F6C00AE0269 /* JSQMessagesLabel.m */; };
		5FFF7802199C1F6C00AE0269 /* JSQMessagesLoadEarlierHeaderView.m in Sources */ = {isa = PBXBuildFile; fileRef = 5FFF77CF199C1F6C00AE0269 /* JSQMessagesLoadEarlierHeaderView.m */; };
		5FFF7803199C1F6C00AE0269 /* JSQMessagesLoadEarlierHeaderView.xib in Resources */ = {isa = PBXBuildFile; fileRef = 5FFF77D0199C1F6C00AE0269 /* JSQMessagesLoadEarlierHeaderView.xib */; };
		5FFF7804199C1F6C00AE0269 /* JSQMessagesToolbarContentView.m in Sources */ = {isa = PBXBuildFile; fileRef = 5FFF77D2199C1F6C00AE0269 /* JSQMessagesToolbarContentView.m */; };
		5FFF7805199C1F6C00AE0269 /* JSQMessagesToolbarContentView.xib in Resources */ = {isa = PBXBuildFile; fileRef = 5FFF77D3199C1F6C00AE0269 /* JSQMessagesToolbarContentView.xib */; };
		5FFF7806199C1F6C00AE0269 /* JSQMessagesTypingIndicatorFooterView.m in Sources */ = {isa = PBXBuildFile; fileRef = 5FFF77D5199C1F6C00AE0269 /* JSQMessagesTypingIndicatorFooterView.m */; };
		5FFF7807199C1F6C00AE0269 /* JSQMessagesTypingIndicatorFooterView.xib in Resources */ = {isa = PBXBuildFile; fileRef = 5FFF77D6199C1F6C00AE0269 /* JSQMessagesTypingIndicatorFooterView.xib */; };
		5FFF780C199C1F9900AE0269 /* JSQSystemSoundPlayer.m in Sources */ = {isa = PBXBuildFile; fileRef = 5FFF780B199C1F9900AE0269 /* JSQSystemSoundPlayer.m */; };
		5FFF780E199C1FC600AE0269 /* QuartzCore.framework in Frameworks */ = {isa = PBXBuildFile; fileRef = 5FFF780D199C1FC600AE0269 /* QuartzCore.framework */; };
		5FFF7810199C1FD900AE0269 /* AudioToolbox.framework in Frameworks */ = {isa = PBXBuildFile; fileRef = 5FFF780F199C1FD900AE0269 /* AudioToolbox.framework */; };
		5FFF7812199C201200AE0269 /* UIKit.framework in Frameworks */ = {isa = PBXBuildFile; fileRef = 5FFF7811199C201200AE0269 /* UIKit.framework */; };
		63891100199E968100B8998F /* ChatLoginViewController.swift in Sources */ = {isa = PBXBuildFile; fileRef = 638910FF199E968100B8998F /* ChatLoginViewController.swift */; };
		63891102199EB21D00B8998F /* FirebaseSimpleLogin.framework in Frameworks */ = {isa = PBXBuildFile; fileRef = 63891101199EB21D00B8998F /* FirebaseSimpleLogin.framework */; };
		63891104199EB24200B8998F /* Accounts.framework in Frameworks */ = {isa = PBXBuildFile; fileRef = 63891103199EB24200B8998F /* Accounts.framework */; };
		63891106199EB24800B8998F /* Social.framework in Frameworks */ = {isa = PBXBuildFile; fileRef = 63891105199EB24800B8998F /* Social.framework */; };
		E010B5911AE34BEE005EA4BE /* Photo.swift in Sources */ = {isa = PBXBuildFile; fileRef = E010B5901AE34BEE005EA4BE /* Photo.swift */; };
		E010B5931AE356C2005EA4BE /* Phototest.swift in Sources */ = {isa = PBXBuildFile; fileRef = E010B5921AE356C2005EA4BE /* Phototest.swift */; };
		E039A5E31AE30473008AF130 /* BlurView.swift in Sources */ = {isa = PBXBuildFile; fileRef = E039A5DE1AE30473008AF130 /* BlurView.swift */; };
		E039A5E41AE30473008AF130 /* Data.swift in Sources */ = {isa = PBXBuildFile; fileRef = E039A5DF1AE30473008AF130 /* Data.swift */; };
		E039A5E51AE30473008AF130 /* DesignableView.swift in Sources */ = {isa = PBXBuildFile; fileRef = E039A5E01AE30473008AF130 /* DesignableView.swift */; };
		E039A5E61AE30473008AF130 /* Misc.swift in Sources */ = {isa = PBXBuildFile; fileRef = E039A5E11AE30473008AF130 /* Misc.swift */; };
		E039A5E71AE30473008AF130 /* SpringAnimation.swift in Sources */ = {isa = PBXBuildFile; fileRef = E039A5E21AE30473008AF130 /* SpringAnimation.swift */; };
		E039A5EB1AE30481008AF130 /* PhotoWall.swift in Sources */ = {isa = PBXBuildFile; fileRef = E039A5E91AE30481008AF130 /* PhotoWall.swift */; };
		E039A5EF1AE30576008AF130 /* Amoureux.xcdatamodeld in Sources */ = {isa = PBXBuildFile; fileRef = E039A5ED1AE30576008AF130 /* Amoureux.xcdatamodeld */; };
/* End PBXBuildFile section */

/* Begin PBXContainerItemProxy section */
		5FFF76CC199C191F00AE0269 /* PBXContainerItemProxy */ = {
			isa = PBXContainerItemProxy;
			containerPortal = 5FFF76B1199C191F00AE0269 /* Project object */;
			proxyType = 1;
			remoteGlobalIDString = 5FFF76B8199C191F00AE0269;
			remoteInfo = "FireChat-Swift";
		};
/* End PBXContainerItemProxy section */

/* Begin PBXFileReference section */
		4401682E1AE1D6F900BBFAFE /* OtherNavController.swift */ = {isa = PBXFileReference; fileEncoding = 4; lastKnownFileType = sourcecode.swift; path = OtherNavController.swift; sourceTree = "<group>"; };
		440168301AE1D91D00BBFAFE /* TimelineCell.swift */ = {isa = PBXFileReference; fileEncoding = 4; lastKnownFileType = sourcecode.swift; path = TimelineCell.swift; sourceTree = "<group>"; };
		440168321AE1D9F000BBFAFE /* NavigationViewController.swift */ = {isa = PBXFileReference; fileEncoding = 4; lastKnownFileType = sourcecode.swift; path = NavigationViewController.swift; sourceTree = "<group>"; };
		440168341AE1DA3C00BBFAFE /* NavigationCell.swift */ = {isa = PBXFileReference; fileEncoding = 4; lastKnownFileType = sourcecode.swift; path = NavigationCell.swift; sourceTree = "<group>"; };
		440168361AE1DA7D00BBFAFE /* TransitionOperator.swift */ = {isa = PBXFileReference; fileEncoding = 4; lastKnownFileType = sourcecode.swift; path = TransitionOperator.swift; sourceTree = "<group>"; };
		440168391AE1DDD500BBFAFE /* Base */ = {isa = PBXFileReference; lastKnownFileType = file.storyboard; name = Base; path = Base.lproj/Main.storyboard; sourceTree = "<group>"; };
		4493D5401AE4A04B002136CB /* CoreGraphics.framework */ = {isa = PBXFileReference; lastKnownFileType = wrapper.framework; name = CoreGraphics.framework; path = System/Library/Frameworks/CoreGraphics.framework; sourceTree = SDKROOT; };
		4493D5411AE4A04B002136CB /* CoreLocation.framework */ = {isa = PBXFileReference; lastKnownFileType = wrapper.framework; name = CoreLocation.framework; path = System/Library/Frameworks/CoreLocation.framework; sourceTree = SDKROOT; };
		4493D5421AE4A04B002136CB /* libsqlite3.dylib */ = {isa = PBXFileReference; lastKnownFileType = "compiled.mach-o.dylib"; name = libsqlite3.dylib; path = usr/lib/libsqlite3.dylib; sourceTree = SDKROOT; };
		4493D5431AE4A04B002136CB /* libz.dylib */ = {isa = PBXFileReference; lastKnownFileType = "compiled.mach-o.dylib"; name = libz.dylib; path = usr/lib/libz.dylib; sourceTree = SDKROOT; };
		4493D5441AE4A04B002136CB /* MobileCoreServices.framework */ = {isa = PBXFileReference; lastKnownFileType = wrapper.framework; name = MobileCoreServices.framework; path = System/Library/Frameworks/MobileCoreServices.framework; sourceTree = SDKROOT; };
		4493D54C1AE4A0B1002136CB /* Bolts.framework */ = {isa = PBXFileReference; lastKnownFileType = wrapper.framework; path = Bolts.framework; sourceTree = "<group>"; };
		4493D54D1AE4A0B1002136CB /* Parse.framework */ = {isa = PBXFileReference; lastKnownFileType = wrapper.framework; path = Parse.framework; sourceTree = "<group>"; };
		4493D5501AE4A462002136CB /* usersCell.swift */ = {isa = PBXFileReference; fileEncoding = 4; lastKnownFileType = sourcecode.swift; path = usersCell.swift; sourceTree = "<group>"; };
		4493D5511AE4A462002136CB /* signUpVC.swift */ = {isa = PBXFileReference; fileEncoding = 4; lastKnownFileType = sourcecode.swift; path = signUpVC.swift; sourceTree = "<group>"; };
		4493D5521AE4A462002136CB /* tweetVC.swift */ = {isa = PBXFileReference; fileEncoding = 4; lastKnownFileType = sourcecode.swift; path = tweetVC.swift; sourceTree = "<group>"; };
		4493D5531AE4A462002136CB /* mainCell.swift */ = {isa = PBXFileReference; fileEncoding = 4; lastKnownFileType = sourcecode.swift; path = mainCell.swift; sourceTree = "<group>"; };
		4493D5541AE4A462002136CB /* mainVC.swift */ = {isa = PBXFileReference; fileEncoding = 4; lastKnownFileType = sourcecode.swift; path = mainVC.swift; sourceTree = "<group>"; };
		4493D5551AE4A462002136CB /* usersVC.swift */ = {isa = PBXFileReference; fileEncoding = 4; lastKnownFileType = sourcecode.swift; path = usersVC.swift; sourceTree = "<group>"; };
		4493D55C1AE4A632002136CB /* ph.jpg */ = {isa = PBXFileReference; lastKnownFileType = image.jpeg; path = ph.jpg; sourceTree = "<group>"; };
		4498696A1AD1D877001603F8 /* Animal.swift */ = {isa = PBXFileReference; fileEncoding = 4; lastKnownFileType = sourcecode.swift; path = Animal.swift; sourceTree = "<group>"; };
		4498696B1AD1D877001603F8 /* CenterViewController.swift */ = {isa = PBXFileReference; fileEncoding = 4; lastKnownFileType = sourcecode.swift; path = CenterViewController.swift; sourceTree = "<group>"; };
		4498696C1AD1D877001603F8 /* ContainerViewController.swift */ = {isa = PBXFileReference; fileEncoding = 4; lastKnownFileType = sourcecode.swift; path = ContainerViewController.swift; sourceTree = "<group>"; };
		4498696D1AD1D877001603F8 /* FrostedSidebar.swift */ = {isa = PBXFileReference; fileEncoding = 4; lastKnownFileType = sourcecode.swift; path = FrostedSidebar.swift; sourceTree = "<group>"; };
		4498696E1AD1D877001603F8 /* LoginViewController.swift */ = {isa = PBXFileReference; fileEncoding = 4; lastKnownFileType = sourcecode.swift; path = LoginViewController.swift; sourceTree = "<group>"; };
		4498696F1AD1D877001603F8 /* SidePanelViewController.swift */ = {isa = PBXFileReference; fileEncoding = 4; lastKnownFileType = sourcecode.swift; path = SidePanelViewController.swift; sourceTree = "<group>"; };
		449869701AD1D877001603F8 /* SignUpViewController.swift */ = {isa = PBXFileReference; fileEncoding = 4; lastKnownFileType = sourcecode.swift; path = SignUpViewController.swift; sourceTree = "<group>"; };
		449869711AD1D877001603F8 /* TabBarController.swift */ = {isa = PBXFileReference; fileEncoding = 4; lastKnownFileType = sourcecode.swift; path = TabBarController.swift; sourceTree = "<group>"; };
		449869721AD1D877001603F8 /* UserViewController.swift */ = {isa = PBXFileReference; fileEncoding = 4; lastKnownFileType = sourcecode.swift; path = UserViewController.swift; sourceTree = "<group>"; };
		449869731AD1D877001603F8 /* ViewController.swift */ = {isa = PBXFileReference; fileEncoding = 4; lastKnownFileType = sourcecode.swift; path = ViewController.swift; sourceTree = "<group>"; };
		4498697E1AD1D99C001603F8 /* Background.jpg */ = {isa = PBXFileReference; lastKnownFileType = image.jpeg; path = Background.jpg; sourceTree = "<group>"; };
		4498697F1AD1D99C001603F8 /* burger.png */ = {isa = PBXFileReference; lastKnownFileType = image.png; path = burger.png; sourceTree = "<group>"; };
		449869801AD1D99C001603F8 /* burger@2x.png */ = {isa = PBXFileReference; lastKnownFileType = image.png; path = "burger@2x.png"; sourceTree = "<group>"; };
		449869811AD1D99C001603F8 /* click.gif */ = {isa = PBXFileReference; lastKnownFileType = image.gif; path = click.gif; sourceTree = "<group>"; };
		449869821AD1D99C001603F8 /* gear.png */ = {isa = PBXFileReference; lastKnownFileType = image.png; path = gear.png; sourceTree = "<group>"; };
		449869831AD1D99C001603F8 /* gear@2x.png */ = {isa = PBXFileReference; lastKnownFileType = image.png; path = "gear@2x.png"; sourceTree = "<group>"; };
		449869841AD1D99C001603F8 /* globe.png */ = {isa = PBXFileReference; lastKnownFileType = image.png; path = globe.png; sourceTree = "<group>"; };
		449869851AD1D99C001603F8 /* globe@2x.png */ = {isa = PBXFileReference; lastKnownFileType = image.png; path = "globe@2x.png"; sourceTree = "<group>"; };
		449869861AD1D99C001603F8 /* profile.png */ = {isa = PBXFileReference; lastKnownFileType = image.png; path = profile.png; sourceTree = "<group>"; };
		449869871AD1D99C001603F8 /* profile@2x.png */ = {isa = PBXFileReference; lastKnownFileType = image.png; path = "profile@2x.png"; sourceTree = "<group>"; };
		449869881AD1D99C001603F8 /* star.png */ = {isa = PBXFileReference; lastKnownFileType = image.png; path = star.png; sourceTree = "<group>"; };
		449869891AD1D99C001603F8 /* star@2x.png */ = {isa = PBXFileReference; lastKnownFileType = image.png; path = "star@2x.png"; sourceTree = "<group>"; };
		44B715901AE1EB3100D9FE3B /* TimelineViewController.swift */ = {isa = PBXFileReference; fileEncoding = 4; lastKnownFileType = sourcecode.swift; path = TimelineViewController.swift; sourceTree = "<group>"; };
		58D8F0951AE7121100B7CE89 /* whisper.jpg */ = {isa = PBXFileReference; lastKnownFileType = image.jpeg; path = whisper.jpg; sourceTree = "<group>"; };
		5F19222619D9D3D900D5C772 /* TwitterAuthHelper.m */ = {isa = PBXFileReference; fileEncoding = 4; lastKnownFileType = sourcecode.c.objc; path = TwitterAuthHelper.m; sourceTree = "<group>"; };
		5F19222819D9DA1500D5C772 /* TwitterAuthHelper.h */ = {isa = PBXFileReference; lastKnownFileType = sourcecode.c.h; path = TwitterAuthHelper.h; sourceTree = "<group>"; };
		5FCB62C0199E7C19008B93DB /* MessagesViewController.swift */ = {isa = PBXFileReference; fileEncoding = 4; lastKnownFileType = sourcecode.swift; path = MessagesViewController.swift; sourceTree = "<group>"; };
		5FF98CB119A51B8E0041E81A /* Message.swift */ = {isa = PBXFileReference; fileEncoding = 4; lastKnownFileType = sourcecode.swift; path = Message.swift; sourceTree = "<group>"; };
		5FFF76B9199C191F00AE0269 /* Amoureux.app */ = {isa = PBXFileReference; explicitFileType = wrapper.application; includeInIndex = 0; path = Amoureux.app; sourceTree = BUILT_PRODUCTS_DIR; };
		5FFF76BD199C191F00AE0269 /* Info.plist */ = {isa = PBXFileReference; lastKnownFileType = text.plist.xml; path = Info.plist; sourceTree = "<group>"; };
		5FFF76BE199C191F00AE0269 /* AppDelegate.swift */ = {isa = PBXFileReference; lastKnownFileType = sourcecode.swift; path = AppDelegate.swift; sourceTree = "<group>"; };
		5FFF76C5199C191F00AE0269 /* Images.xcassets */ = {isa = PBXFileReference; lastKnownFileType = folder.assetcatalog; path = Images.xcassets; sourceTree = "<group>"; };
		5FFF76CB199C191F00AE0269 /* AmoureuxTests.xctest */ = {isa = PBXFileReference; explicitFileType = wrapper.cfbundle; includeInIndex = 0; path = AmoureuxTests.xctest; sourceTree = BUILT_PRODUCTS_DIR; };
		5FFF76D0199C191F00AE0269 /* Info.plist */ = {isa = PBXFileReference; lastKnownFileType = text.plist.xml; path = Info.plist; sourceTree = "<group>"; };
		5FFF76D1199C191F00AE0269 /* FireChat_SwiftTests.swift */ = {isa = PBXFileReference; lastKnownFileType = sourcecode.swift; path = FireChat_SwiftTests.swift; sourceTree = "<group>"; };
		5FFF76DB199C192600AE0269 /* libc++.dylib */ = {isa = PBXFileReference; lastKnownFileType = "compiled.mach-o.dylib"; name = "libc++.dylib"; path = "usr/lib/libc++.dylib"; sourceTree = SDKROOT; };
		5FFF76DD199C192900AE0269 /* libicucore.dylib */ = {isa = PBXFileReference; lastKnownFileType = "compiled.mach-o.dylib"; name = libicucore.dylib; path = usr/lib/libicucore.dylib; sourceTree = SDKROOT; };
		5FFF76DF199C193200AE0269 /* SystemConfiguration.framework */ = {isa = PBXFileReference; lastKnownFileType = wrapper.framework; name = SystemConfiguration.framework; path = System/Library/Frameworks/SystemConfiguration.framework; sourceTree = SDKROOT; };
		5FFF76E1199C193700AE0269 /* CFNetwork.framework */ = {isa = PBXFileReference; lastKnownFileType = wrapper.framework; name = CFNetwork.framework; path = System/Library/Frameworks/CFNetwork.framework; sourceTree = SDKROOT; };
		5FFF76E3199C194800AE0269 /* Security.framework */ = {isa = PBXFileReference; lastKnownFileType = wrapper.framework; name = Security.framework; path = System/Library/Frameworks/Security.framework; sourceTree = SDKROOT; };
		5FFF76E7199C19CF00AE0269 /* Firebase.framework */ = {isa = PBXFileReference; lastKnownFileType = wrapper.framework; path = Firebase.framework; sourceTree = "<group>"; };
		5FFF7784199C1F6C00AE0269 /* bubble.png */ = {isa = PBXFileReference; lastKnownFileType = image.png; path = bubble.png; sourceTree = "<group>"; };
		5FFF7785199C1F6C00AE0269 /* bubble@2x.png */ = {isa = PBXFileReference; lastKnownFileType = image.png; path = "bubble@2x.png"; sourceTree = "<group>"; };
		5FFF7786199C1F6C00AE0269 /* bubble_min.png */ = {isa = PBXFileReference; lastKnownFileType = image.png; path = bubble_min.png; sourceTree = "<group>"; };
		5FFF7787199C1F6C00AE0269 /* bubble_min@2x.png */ = {isa = PBXFileReference; lastKnownFileType = image.png; path = "bubble_min@2x.png"; sourceTree = "<group>"; };
		5FFF7788199C1F6C00AE0269 /* bubble_min_tailless.png */ = {isa = PBXFileReference; lastKnownFileType = image.png; path = bubble_min_tailless.png; sourceTree = "<group>"; };
		5FFF7789199C1F6C00AE0269 /* bubble_min_tailless@2x.png */ = {isa = PBXFileReference; lastKnownFileType = image.png; path = "bubble_min_tailless@2x.png"; sourceTree = "<group>"; };
		5FFF778A199C1F6C00AE0269 /* bubble_stroked.png */ = {isa = PBXFileReference; lastKnownFileType = image.png; path = bubble_stroked.png; sourceTree = "<group>"; };
		5FFF778B199C1F6C00AE0269 /* bubble_stroked@2x.png */ = {isa = PBXFileReference; lastKnownFileType = image.png; path = "bubble_stroked@2x.png"; sourceTree = "<group>"; };
		5FFF778C199C1F6C00AE0269 /* bubble_stroked_tailless.png */ = {isa = PBXFileReference; lastKnownFileType = image.png; path = bubble_stroked_tailless.png; sourceTree = "<group>"; };
		5FFF778D199C1F6C00AE0269 /* bubble_stroked_tailless@2x.png */ = {isa = PBXFileReference; lastKnownFileType = image.png; path = "bubble_stroked_tailless@2x.png"; sourceTree = "<group>"; };
		5FFF778E199C1F6C00AE0269 /* bubble_tailless.png */ = {isa = PBXFileReference; lastKnownFileType = image.png; path = bubble_tailless.png; sourceTree = "<group>"; };
		5FFF778F199C1F6C00AE0269 /* bubble_tailless@2x.png */ = {isa = PBXFileReference; lastKnownFileType = image.png; path = "bubble_tailless@2x.png"; sourceTree = "<group>"; };
		5FFF7790199C1F6C00AE0269 /* camera.png */ = {isa = PBXFileReference; lastKnownFileType = image.png; path = camera.png; sourceTree = "<group>"; };
		5FFF7791199C1F6C00AE0269 /* camera@2x.png */ = {isa = PBXFileReference; lastKnownFileType = image.png; path = "camera@2x.png"; sourceTree = "<group>"; };
		5FFF7792199C1F6C00AE0269 /* typing.png */ = {isa = PBXFileReference; lastKnownFileType = image.png; path = typing.png; sourceTree = "<group>"; };
		5FFF7793199C1F6C00AE0269 /* typing@2x.png */ = {isa = PBXFileReference; lastKnownFileType = image.png; path = "typing@2x.png"; sourceTree = "<group>"; };
		5FFF7795199C1F6C00AE0269 /* message_received.aiff */ = {isa = PBXFileReference; lastKnownFileType = audio.aiff; path = message_received.aiff; sourceTree = "<group>"; };
		5FFF7796199C1F6C00AE0269 /* message_sent.aiff */ = {isa = PBXFileReference; lastKnownFileType = audio.aiff; path = message_sent.aiff; sourceTree = "<group>"; };
		5FFF7798199C1F6C00AE0269 /* JSQSystemSoundPlayer+JSQMessages.h */ = {isa = PBXFileReference; fileEncoding = 4; lastKnownFileType = sourcecode.c.h; path = "JSQSystemSoundPlayer+JSQMessages.h"; sourceTree = "<group>"; };
		5FFF7799199C1F6C00AE0269 /* JSQSystemSoundPlayer+JSQMessages.m */ = {isa = PBXFileReference; fileEncoding = 4; lastKnownFileType = sourcecode.c.objc; path = "JSQSystemSoundPlayer+JSQMessages.m"; sourceTree = "<group>"; };
		5FFF779A199C1F6C00AE0269 /* NSString+JSQMessages.h */ = {isa = PBXFileReference; fileEncoding = 4; lastKnownFileType = sourcecode.c.h; path = "NSString+JSQMessages.h"; sourceTree = "<group>"; };
		5FFF779B199C1F6C00AE0269 /* NSString+JSQMessages.m */ = {isa = PBXFileReference; fileEncoding = 4; lastKnownFileType = sourcecode.c.objc; path = "NSString+JSQMessages.m"; sourceTree = "<group>"; };
		5FFF779C199C1F6C00AE0269 /* UIColor+JSQMessages.h */ = {isa = PBXFileReference; fileEncoding = 4; lastKnownFileType = sourcecode.c.h; path = "UIColor+JSQMessages.h"; sourceTree = "<group>"; };
		5FFF779D199C1F6C00AE0269 /* UIColor+JSQMessages.m */ = {isa = PBXFileReference; fileEncoding = 4; lastKnownFileType = sourcecode.c.objc; path = "UIColor+JSQMessages.m"; sourceTree = "<group>"; };
		5FFF779E199C1F6C00AE0269 /* UIImage+JSQMessages.h */ = {isa = PBXFileReference; fileEncoding = 4; lastKnownFileType = sourcecode.c.h; path = "UIImage+JSQMessages.h"; sourceTree = "<group>"; };
		5FFF779F199C1F6C00AE0269 /* UIImage+JSQMessages.m */ = {isa = PBXFileReference; fileEncoding = 4; lastKnownFileType = sourcecode.c.objc; path = "UIImage+JSQMessages.m"; sourceTree = "<group>"; };
		5FFF77A0199C1F6C00AE0269 /* UIView+JSQMessages.h */ = {isa = PBXFileReference; fileEncoding = 4; lastKnownFileType = sourcecode.c.h; path = "UIView+JSQMessages.h"; sourceTree = "<group>"; };
		5FFF77A1199C1F6C00AE0269 /* UIView+JSQMessages.m */ = {isa = PBXFileReference; fileEncoding = 4; lastKnownFileType = sourcecode.c.objc; path = "UIView+JSQMessages.m"; sourceTree = "<group>"; };
		5FFF77A3199C1F6C00AE0269 /* JSQMessagesKeyboardController.h */ = {isa = PBXFileReference; fileEncoding = 4; lastKnownFileType = sourcecode.c.h; path = JSQMessagesKeyboardController.h; sourceTree = "<group>"; };
		5FFF77A4199C1F6C00AE0269 /* JSQMessagesKeyboardController.m */ = {isa = PBXFileReference; fileEncoding = 4; lastKnownFileType = sourcecode.c.objc; path = JSQMessagesKeyboardController.m; sourceTree = "<group>"; };
		5FFF77A5199C1F6C00AE0269 /* JSQMessagesViewController.h */ = {isa = PBXFileReference; fileEncoding = 4; lastKnownFileType = sourcecode.c.h; path = JSQMessagesViewController.h; sourceTree = "<group>"; };
		5FFF77A6199C1F6C00AE0269 /* JSQMessagesViewController.m */ = {isa = PBXFileReference; fileEncoding = 4; lastKnownFileType = sourcecode.c.objc; path = JSQMessagesViewController.m; sourceTree = "<group>"; };
		5FFF77A7199C1F6C00AE0269 /* JSQMessagesViewController.xib */ = {isa = PBXFileReference; fileEncoding = 4; lastKnownFileType = file.xib; path = JSQMessagesViewController.xib; sourceTree = "<group>"; };
		5FFF77A9199C1F6C00AE0269 /* JSQMessagesAvatarFactory.h */ = {isa = PBXFileReference; fileEncoding = 4; lastKnownFileType = sourcecode.c.h; path = JSQMessagesAvatarFactory.h; sourceTree = "<group>"; };
		5FFF77AA199C1F6C00AE0269 /* JSQMessagesAvatarFactory.m */ = {isa = PBXFileReference; fileEncoding = 4; lastKnownFileType = sourcecode.c.objc; path = JSQMessagesAvatarFactory.m; sourceTree = "<group>"; };
		5FFF77AB199C1F6C00AE0269 /* JSQMessagesBubbleImageFactory.h */ = {isa = PBXFileReference; fileEncoding = 4; lastKnownFileType = sourcecode.c.h; path = JSQMessagesBubbleImageFactory.h; sourceTree = "<group>"; };
		5FFF77AC199C1F6C00AE0269 /* JSQMessagesBubbleImageFactory.m */ = {isa = PBXFileReference; fileEncoding = 4; lastKnownFileType = sourcecode.c.objc; path = JSQMessagesBubbleImageFactory.m; sourceTree = "<group>"; };
		5FFF77AD199C1F6C00AE0269 /* JSQMessagesTimestampFormatter.h */ = {isa = PBXFileReference; fileEncoding = 4; lastKnownFileType = sourcecode.c.h; path = JSQMessagesTimestampFormatter.h; sourceTree = "<group>"; };
		5FFF77AE199C1F6C00AE0269 /* JSQMessagesTimestampFormatter.m */ = {isa = PBXFileReference; fileEncoding = 4; lastKnownFileType = sourcecode.c.objc; path = JSQMessagesTimestampFormatter.m; sourceTree = "<group>"; };
		5FFF77AF199C1F6C00AE0269 /* JSQMessagesToolbarButtonFactory.h */ = {isa = PBXFileReference; fileEncoding = 4; lastKnownFileType = sourcecode.c.h; path = JSQMessagesToolbarButtonFactory.h; sourceTree = "<group>"; };
		5FFF77B0199C1F6C00AE0269 /* JSQMessagesToolbarButtonFactory.m */ = {isa = PBXFileReference; fileEncoding = 4; lastKnownFileType = sourcecode.c.objc; path = JSQMessagesToolbarButtonFactory.m; sourceTree = "<group>"; };
		5FFF77B1199C1F6C00AE0269 /* JSQMessages.h */ = {isa = PBXFileReference; fileEncoding = 4; lastKnownFileType = sourcecode.c.h; path = JSQMessages.h; sourceTree = "<group>"; };
		5FFF77B3199C1F6C00AE0269 /* JSQMessagesCollectionViewFlowLayout.h */ = {isa = PBXFileReference; fileEncoding = 4; lastKnownFileType = sourcecode.c.h; path = JSQMessagesCollectionViewFlowLayout.h; sourceTree = "<group>"; };
		5FFF77B4199C1F6C00AE0269 /* JSQMessagesCollectionViewFlowLayout.m */ = {isa = PBXFileReference; fileEncoding = 4; lastKnownFileType = sourcecode.c.objc; path = JSQMessagesCollectionViewFlowLayout.m; sourceTree = "<group>"; };
		5FFF77B5199C1F6C00AE0269 /* JSQMessagesCollectionViewFlowLayoutInvalidationContext.h */ = {isa = PBXFileReference; fileEncoding = 4; lastKnownFileType = sourcecode.c.h; path = JSQMessagesCollectionViewFlowLayoutInvalidationContext.h; sourceTree = "<group>"; };
		5FFF77B6199C1F6C00AE0269 /* JSQMessagesCollectionViewFlowLayoutInvalidationContext.m */ = {isa = PBXFileReference; fileEncoding = 4; lastKnownFileType = sourcecode.c.objc; path = JSQMessagesCollectionViewFlowLayoutInvalidationContext.m; sourceTree = "<group>"; };
		5FFF77B7199C1F6C00AE0269 /* JSQMessagesCollectionViewLayoutAttributes.h */ = {isa = PBXFileReference; fileEncoding = 4; lastKnownFileType = sourcecode.c.h; path = JSQMessagesCollectionViewLayoutAttributes.h; sourceTree = "<group>"; };
		5FFF77B8199C1F6C00AE0269 /* JSQMessagesCollectionViewLayoutAttributes.m */ = {isa = PBXFileReference; fileEncoding = 4; lastKnownFileType = sourcecode.c.objc; path = JSQMessagesCollectionViewLayoutAttributes.m; sourceTree = "<group>"; };
		5FFF77BA199C1F6C00AE0269 /* JSQMessage.h */ = {isa = PBXFileReference; fileEncoding = 4; lastKnownFileType = sourcecode.c.h; path = JSQMessage.h; sourceTree = "<group>"; };
		5FFF77BB199C1F6C00AE0269 /* JSQMessage.m */ = {isa = PBXFileReference; fileEncoding = 4; lastKnownFileType = sourcecode.c.objc; path = JSQMessage.m; sourceTree = "<group>"; };
		5FFF77BC199C1F6C00AE0269 /* JSQMessageData.h */ = {isa = PBXFileReference; fileEncoding = 4; lastKnownFileType = sourcecode.c.h; path = JSQMessageData.h; sourceTree = "<group>"; };
		5FFF77BE199C1F6C00AE0269 /* JSQMessagesCollectionView.h */ = {isa = PBXFileReference; fileEncoding = 4; lastKnownFileType = sourcecode.c.h; path = JSQMessagesCollectionView.h; sourceTree = "<group>"; };
		5FFF77BF199C1F6C00AE0269 /* JSQMessagesCollectionView.m */ = {isa = PBXFileReference; fileEncoding = 4; lastKnownFileType = sourcecode.c.objc; path = JSQMessagesCollectionView.m; sourceTree = "<group>"; };
		5FFF77C0199C1F6C00AE0269 /* JSQMessagesCollectionViewCell.h */ = {isa = PBXFileReference; fileEncoding = 4; lastKnownFileType = sourcecode.c.h; path = JSQMessagesCollectionViewCell.h; sourceTree = "<group>"; };
		5FFF77C1199C1F6C00AE0269 /* JSQMessagesCollectionViewCell.m */ = {isa = PBXFileReference; fileEncoding = 4; lastKnownFileType = sourcecode.c.objc; path = JSQMessagesCollectionViewCell.m; sourceTree = "<group>"; };
		5FFF77C2199C1F6C00AE0269 /* JSQMessagesCollectionViewCellIncoming.h */ = {isa = PBXFileReference; fileEncoding = 4; lastKnownFileType = sourcecode.c.h; path = JSQMessagesCollectionViewCellIncoming.h; sourceTree = "<group>"; };
		5FFF77C3199C1F6C00AE0269 /* JSQMessagesCollectionViewCellIncoming.m */ = {isa = PBXFileReference; fileEncoding = 4; lastKnownFileType = sourcecode.c.objc; path = JSQMessagesCollectionViewCellIncoming.m; sourceTree = "<group>"; };
		5FFF77C4199C1F6C00AE0269 /* JSQMessagesCollectionViewCellIncoming.xib */ = {isa = PBXFileReference; fileEncoding = 4; lastKnownFileType = file.xib; path = JSQMessagesCollectionViewCellIncoming.xib; sourceTree = "<group>"; };
		5FFF77C5199C1F6C00AE0269 /* JSQMessagesCollectionViewCellOutgoing.h */ = {isa = PBXFileReference; fileEncoding = 4; lastKnownFileType = sourcecode.c.h; path = JSQMessagesCollectionViewCellOutgoing.h; sourceTree = "<group>"; };
		5FFF77C6199C1F6C00AE0269 /* JSQMessagesCollectionViewCellOutgoing.m */ = {isa = PBXFileReference; fileEncoding = 4; lastKnownFileType = sourcecode.c.objc; path = JSQMessagesCollectionViewCellOutgoing.m; sourceTree = "<group>"; };
		5FFF77C7199C1F6C00AE0269 /* JSQMessagesCollectionViewCellOutgoing.xib */ = {isa = PBXFileReference; fileEncoding = 4; lastKnownFileType = file.xib; path = JSQMessagesCollectionViewCellOutgoing.xib; sourceTree = "<group>"; };
		5FFF77C8199C1F6C00AE0269 /* JSQMessagesComposerTextView.h */ = {isa = PBXFileReference; fileEncoding = 4; lastKnownFileType = sourcecode.c.h; path = JSQMessagesComposerTextView.h; sourceTree = "<group>"; };
		5FFF77C9199C1F6C00AE0269 /* JSQMessagesComposerTextView.m */ = {isa = PBXFileReference; fileEncoding = 4; lastKnownFileType = sourcecode.c.objc; path = JSQMessagesComposerTextView.m; sourceTree = "<group>"; };
		5FFF77CA199C1F6C00AE0269 /* JSQMessagesInputToolbar.h */ = {isa = PBXFileReference; fileEncoding = 4; lastKnownFileType = sourcecode.c.h; path = JSQMessagesInputToolbar.h; sourceTree = "<group>"; };
		5FFF77CB199C1F6C00AE0269 /* JSQMessagesInputToolbar.m */ = {isa = PBXFileReference; fileEncoding = 4; lastKnownFileType = sourcecode.c.objc; path = JSQMessagesInputToolbar.m; sourceTree = "<group>"; };
		5FFF77CC199C1F6C00AE0269 /* JSQMessagesLabel.h */ = {isa = PBXFileReference; fileEncoding = 4; lastKnownFileType = sourcecode.c.h; path = JSQMessagesLabel.h; sourceTree = "<group>"; };
		5FFF77CD199C1F6C00AE0269 /* JSQMessagesLabel.m */ = {isa = PBXFileReference; fileEncoding = 4; lastKnownFileType = sourcecode.c.objc; path = JSQMessagesLabel.m; sourceTree = "<group>"; };
		5FFF77CE199C1F6C00AE0269 /* JSQMessagesLoadEarlierHeaderView.h */ = {isa = PBXFileReference; fileEncoding = 4; lastKnownFileType = sourcecode.c.h; path = JSQMessagesLoadEarlierHeaderView.h; sourceTree = "<group>"; };
		5FFF77CF199C1F6C00AE0269 /* JSQMessagesLoadEarlierHeaderView.m */ = {isa = PBXFileReference; fileEncoding = 4; lastKnownFileType = sourcecode.c.objc; path = JSQMessagesLoadEarlierHeaderView.m; sourceTree = "<group>"; };
		5FFF77D0199C1F6C00AE0269 /* JSQMessagesLoadEarlierHeaderView.xib */ = {isa = PBXFileReference; fileEncoding = 4; lastKnownFileType = file.xib; path = JSQMessagesLoadEarlierHeaderView.xib; sourceTree = "<group>"; };
		5FFF77D1199C1F6C00AE0269 /* JSQMessagesToolbarContentView.h */ = {isa = PBXFileReference; fileEncoding = 4; lastKnownFileType = sourcecode.c.h; path = JSQMessagesToolbarContentView.h; sourceTree = "<group>"; };
		5FFF77D2199C1F6C00AE0269 /* JSQMessagesToolbarContentView.m */ = {isa = PBXFileReference; fileEncoding = 4; lastKnownFileType = sourcecode.c.objc; path = JSQMessagesToolbarContentView.m; sourceTree = "<group>"; };
		5FFF77D3199C1F6C00AE0269 /* JSQMessagesToolbarContentView.xib */ = {isa = PBXFileReference; fileEncoding = 4; lastKnownFileType = file.xib; path = JSQMessagesToolbarContentView.xib; sourceTree = "<group>"; };
		5FFF77D4199C1F6C00AE0269 /* JSQMessagesTypingIndicatorFooterView.h */ = {isa = PBXFileReference; fileEncoding = 4; lastKnownFileType = sourcecode.c.h; path = JSQMessagesTypingIndicatorFooterView.h; sourceTree = "<group>"; };
		5FFF77D5199C1F6C00AE0269 /* JSQMessagesTypingIndicatorFooterView.m */ = {isa = PBXFileReference; fileEncoding = 4; lastKnownFileType = sourcecode.c.objc; path = JSQMessagesTypingIndicatorFooterView.m; sourceTree = "<group>"; };
		5FFF77D6199C1F6C00AE0269 /* JSQMessagesTypingIndicatorFooterView.xib */ = {isa = PBXFileReference; fileEncoding = 4; lastKnownFileType = file.xib; path = JSQMessagesTypingIndicatorFooterView.xib; sourceTree = "<group>"; };
		5FFF780A199C1F9900AE0269 /* JSQSystemSoundPlayer.h */ = {isa = PBXFileReference; fileEncoding = 4; lastKnownFileType = sourcecode.c.h; path = JSQSystemSoundPlayer.h; sourceTree = "<group>"; };
		5FFF780B199C1F9900AE0269 /* JSQSystemSoundPlayer.m */ = {isa = PBXFileReference; fileEncoding = 4; lastKnownFileType = sourcecode.c.objc; path = JSQSystemSoundPlayer.m; sourceTree = "<group>"; };
		5FFF780D199C1FC600AE0269 /* QuartzCore.framework */ = {isa = PBXFileReference; lastKnownFileType = wrapper.framework; name = QuartzCore.framework; path = System/Library/Frameworks/QuartzCore.framework; sourceTree = SDKROOT; };
		5FFF780F199C1FD900AE0269 /* AudioToolbox.framework */ = {isa = PBXFileReference; lastKnownFileType = wrapper.framework; name = AudioToolbox.framework; path = System/Library/Frameworks/AudioToolbox.framework; sourceTree = SDKROOT; };
		5FFF7811199C201200AE0269 /* UIKit.framework */ = {isa = PBXFileReference; lastKnownFileType = wrapper.framework; name = UIKit.framework; path = System/Library/Frameworks/UIKit.framework; sourceTree = SDKROOT; };
		638910FF199E968100B8998F /* ChatLoginViewController.swift */ = {isa = PBXFileReference; fileEncoding = 4; lastKnownFileType = sourcecode.swift; path = ChatLoginViewController.swift; sourceTree = "<group>"; };
		63891101199EB21D00B8998F /* FirebaseSimpleLogin.framework */ = {isa = PBXFileReference; lastKnownFileType = wrapper.framework; path = FirebaseSimpleLogin.framework; sourceTree = "<group>"; };
		63891103199EB24200B8998F /* Accounts.framework */ = {isa = PBXFileReference; lastKnownFileType = wrapper.framework; name = Accounts.framework; path = System/Library/Frameworks/Accounts.framework; sourceTree = SDKROOT; };
		63891105199EB24800B8998F /* Social.framework */ = {isa = PBXFileReference; lastKnownFileType = wrapper.framework; name = Social.framework; path = System/Library/Frameworks/Social.framework; sourceTree = SDKROOT; };
		E010B5901AE34BEE005EA4BE /* Photo.swift */ = {isa = PBXFileReference; fileEncoding = 4; lastKnownFileType = sourcecode.swift; path = Photo.swift; sourceTree = "<group>"; };
		E010B5921AE356C2005EA4BE /* Phototest.swift */ = {isa = PBXFileReference; fileEncoding = 4; lastKnownFileType = sourcecode.swift; path = Phototest.swift; sourceTree = "<group>"; };
		E039A5DE1AE30473008AF130 /* BlurView.swift */ = {isa = PBXFileReference; fileEncoding = 4; lastKnownFileType = sourcecode.swift; name = BlurView.swift; path = font/Spring/BlurView.swift; sourceTree = "<group>"; };
		E039A5DF1AE30473008AF130 /* Data.swift */ = {isa = PBXFileReference; fileEncoding = 4; lastKnownFileType = sourcecode.swift; name = Data.swift; path = font/Spring/Data.swift; sourceTree = "<group>"; };
		E039A5E01AE30473008AF130 /* DesignableView.swift */ = {isa = PBXFileReference; fileEncoding = 4; lastKnownFileType = sourcecode.swift; name = DesignableView.swift; path = font/Spring/DesignableView.swift; sourceTree = "<group>"; };
		E039A5E11AE30473008AF130 /* Misc.swift */ = {isa = PBXFileReference; fileEncoding = 4; lastKnownFileType = sourcecode.swift; name = Misc.swift; path = font/Spring/Misc.swift; sourceTree = "<group>"; };
		E039A5E21AE30473008AF130 /* SpringAnimation.swift */ = {isa = PBXFileReference; fileEncoding = 4; lastKnownFileType = sourcecode.swift; name = SpringAnimation.swift; path = font/Spring/SpringAnimation.swift; sourceTree = "<group>"; };
		E039A5E91AE30481008AF130 /* PhotoWall.swift */ = {isa = PBXFileReference; fileEncoding = 4; lastKnownFileType = sourcecode.swift; path = PhotoWall.swift; sourceTree = "<group>"; };
		E039A5EC1AE3048E008AF130 /* TipoType - Libertad.otf */ = {isa = PBXFileReference; lastKnownFileType = file; name = "TipoType - Libertad.otf"; path = "font/TipoType - Libertad.otf"; sourceTree = "<group>"; };
		E039A5EE1AE30576008AF130 /* Amoureux.xcdatamodel */ = {isa = PBXFileReference; lastKnownFileType = wrapper.xcdatamodel; path = Amoureux.xcdatamodel; sourceTree = "<group>"; };
/* End PBXFileReference section */

/* Begin PBXFrameworksBuildPhase section */
		5FFF76B6199C191F00AE0269 /* Frameworks */ = {
			isa = PBXFrameworksBuildPhase;
			buildActionMask = 2147483647;
			files = (
				4493D54E1AE4A0B1002136CB /* Bolts.framework in Frameworks */,
				4493D54F1AE4A0B1002136CB /* Parse.framework in Frameworks */,
				4493D5461AE4A04B002136CB /* CoreGraphics.framework in Frameworks */,
				4493D5471AE4A04B002136CB /* CoreLocation.framework in Frameworks */,
				4493D5481AE4A04B002136CB /* libsqlite3.dylib in Frameworks */,
				4493D5491AE4A04B002136CB /* libz.dylib in Frameworks */,
				4493D54A1AE4A04B002136CB /* MobileCoreServices.framework in Frameworks */,
				5FFF7810199C1FD900AE0269 /* AudioToolbox.framework in Frameworks */,
				5FFF76E2199C193700AE0269 /* CFNetwork.framework in Frameworks */,
				5FFF780E199C1FC600AE0269 /* QuartzCore.framework in Frameworks */,
				5FFF76E4199C194800AE0269 /* Security.framework in Frameworks */,
				5FFF76E0199C193200AE0269 /* SystemConfiguration.framework in Frameworks */,
				63891106199EB24800B8998F /* Social.framework in Frameworks */,
				63891104199EB24200B8998F /* Accounts.framework in Frameworks */,
				5FFF7812199C201200AE0269 /* UIKit.framework in Frameworks */,
				5FFF76E8199C19CF00AE0269 /* Firebase.framework in Frameworks */,
				5FFF76DE199C192900AE0269 /* libicucore.dylib in Frameworks */,
				5FFF76DC199C192600AE0269 /* libc++.dylib in Frameworks */,
				63891102199EB21D00B8998F /* FirebaseSimpleLogin.framework in Frameworks */,
			);
			runOnlyForDeploymentPostprocessing = 0;
		};
		5FFF76C8199C191F00AE0269 /* Frameworks */ = {
			isa = PBXFrameworksBuildPhase;
			buildActionMask = 2147483647;
			files = (
			);
			runOnlyForDeploymentPostprocessing = 0;
		};
/* End PBXFrameworksBuildPhase section */

/* Begin PBXGroup section */
		5F5814D5199E8D65000E0E87 /* Frameworks */ = {
			isa = PBXGroup;
			children = (
				4493D54C1AE4A0B1002136CB /* Bolts.framework */,
				4493D54D1AE4A0B1002136CB /* Parse.framework */,
				4493D5401AE4A04B002136CB /* CoreGraphics.framework */,
				4493D5411AE4A04B002136CB /* CoreLocation.framework */,
				4493D5421AE4A04B002136CB /* libsqlite3.dylib */,
				4493D5431AE4A04B002136CB /* libz.dylib */,
				4493D5441AE4A04B002136CB /* MobileCoreServices.framework */,
				63891105199EB24800B8998F /* Social.framework */,
				63891103199EB24200B8998F /* Accounts.framework */,
				63891101199EB21D00B8998F /* FirebaseSimpleLogin.framework */,
				5FFF7811199C201200AE0269 /* UIKit.framework */,
				5FFF780F199C1FD900AE0269 /* AudioToolbox.framework */,
				5FFF780D199C1FC600AE0269 /* QuartzCore.framework */,
				5FFF7808199C1F9900AE0269 /* JSQSystemSoundPlayer */,
				5FFF7781199C1F6C00AE0269 /* JSQMessagesViewController */,
				5FFF76E7199C19CF00AE0269 /* Firebase.framework */,
				5FFF76E3199C194800AE0269 /* Security.framework */,
				5FFF76E1199C193700AE0269 /* CFNetwork.framework */,
				5FFF76DF199C193200AE0269 /* SystemConfiguration.framework */,
				5FFF76DD199C192900AE0269 /* libicucore.dylib */,
				5FFF76DB199C192600AE0269 /* libc++.dylib */,
			);
			name = Frameworks;
			sourceTree = "<group>";
		};
		5FFF76B0199C191F00AE0269 = {
			isa = PBXGroup;
			children = (
				5F5814D5199E8D65000E0E87 /* Frameworks */,
				5FFF76BB199C191F00AE0269 /* Amoureux */,
				5FFF76CE199C191F00AE0269 /* AmoureuxTests */,
				5FFF76BA199C191F00AE0269 /* Products */,
			);
			sourceTree = "<group>";
		};
		5FFF76BA199C191F00AE0269 /* Products */ = {
			isa = PBXGroup;
			children = (
				5FFF76B9199C191F00AE0269 /* Amoureux.app */,
				5FFF76CB199C191F00AE0269 /* AmoureuxTests.xctest */,
			);
			name = Products;
			sourceTree = "<group>";
		};
		5FFF76BB199C191F00AE0269 /* Amoureux */ = {
			isa = PBXGroup;
			children = (
				E0BCEEAA1AE2F8DF00562290 /* font */,
				E00352351AE2D7FC009788FA /* Spring */,
				440168381AE1DDD500BBFAFE /* Main.storyboard */,
				4493D5501AE4A462002136CB /* usersCell.swift */,
				4493D5511AE4A462002136CB /* signUpVC.swift */,
				4493D5521AE4A462002136CB /* tweetVC.swift */,
				4493D5531AE4A462002136CB /* mainCell.swift */,
				4493D5541AE4A462002136CB /* mainVC.swift */,
				4493D5551AE4A462002136CB /* usersVC.swift */,
				E039A5E91AE30481008AF130 /* PhotoWall.swift */,
				E010B5901AE34BEE005EA4BE /* Photo.swift */,
				E010B5921AE356C2005EA4BE /* Phototest.swift */,
				4498696A1AD1D877001603F8 /* Animal.swift */,
				4498696B1AD1D877001603F8 /* CenterViewController.swift */,
				4498696C1AD1D877001603F8 /* ContainerViewController.swift */,
				4498696D1AD1D877001603F8 /* FrostedSidebar.swift */,
				4498696E1AD1D877001603F8 /* LoginViewController.swift */,
				4498696F1AD1D877001603F8 /* SidePanelViewController.swift */,
				449869701AD1D877001603F8 /* SignUpViewController.swift */,
				449869711AD1D877001603F8 /* TabBarController.swift */,
				449869721AD1D877001603F8 /* UserViewController.swift */,
				449869731AD1D877001603F8 /* ViewController.swift */,
				5FFF76BE199C191F00AE0269 /* AppDelegate.swift */,
				5FCB62C0199E7C19008B93DB /* MessagesViewController.swift */,
				638910FF199E968100B8998F /* ChatLoginViewController.swift */,
				5FF98CB119A51B8E0041E81A /* Message.swift */,
				5F19222619D9D3D900D5C772 /* TwitterAuthHelper.m */,
				5F19222819D9DA1500D5C772 /* TwitterAuthHelper.h */,
				4401682E1AE1D6F900BBFAFE /* OtherNavController.swift */,
				440168301AE1D91D00BBFAFE /* TimelineCell.swift */,
				440168321AE1D9F000BBFAFE /* NavigationViewController.swift */,
				440168341AE1DA3C00BBFAFE /* NavigationCell.swift */,
				440168361AE1DA7D00BBFAFE /* TransitionOperator.swift */,
				44B715901AE1EB3100D9FE3B /* TimelineViewController.swift */,
				5FFF76C5199C191F00AE0269 /* Images.xcassets */,
				5FFF76BC199C191F00AE0269 /* Supporting Files */,
				E039A5ED1AE30576008AF130 /* Amoureux.xcdatamodeld */,
			);
			path = Amoureux;
			sourceTree = "<group>";
		};
		5FFF76BC199C191F00AE0269 /* Supporting Files */ = {
			isa = PBXGroup;
			children = (
				4493D55C1AE4A632002136CB /* ph.jpg */,
				4498697E1AD1D99C001603F8 /* Background.jpg */,
				4498697F1AD1D99C001603F8 /* burger.png */,
				449869801AD1D99C001603F8 /* burger@2x.png */,
				449869811AD1D99C001603F8 /* click.gif */,
				449869821AD1D99C001603F8 /* gear.png */,
				449869831AD1D99C001603F8 /* gear@2x.png */,
				449869841AD1D99C001603F8 /* globe.png */,
				58D8F0951AE7121100B7CE89 /* whisper.jpg */,
				449869851AD1D99C001603F8 /* globe@2x.png */,
				449869861AD1D99C001603F8 /* profile.png */,
				449869871AD1D99C001603F8 /* profile@2x.png */,
				449869881AD1D99C001603F8 /* star.png */,
				449869891AD1D99C001603F8 /* star@2x.png */,
				5FFF76BD199C191F00AE0269 /* Info.plist */,
			);
			name = "Supporting Files";
			sourceTree = "<group>";
		};
		5FFF76CE199C191F00AE0269 /* AmoureuxTests */ = {
			isa = PBXGroup;
			children = (
				5FFF76D1199C191F00AE0269 /* FireChat_SwiftTests.swift */,
				5FFF76CF199C191F00AE0269 /* Supporting Files */,
			);
			path = AmoureuxTests;
			sourceTree = "<group>";
		};
		5FFF76CF199C191F00AE0269 /* Supporting Files */ = {
			isa = PBXGroup;
			children = (
				5FFF76D0199C191F00AE0269 /* Info.plist */,
			);
			name = "Supporting Files";
			sourceTree = "<group>";
		};
		5FFF7781199C1F6C00AE0269 /* JSQMessagesViewController */ = {
			isa = PBXGroup;
			children = (
				5FFF7782199C1F6C00AE0269 /* Assets */,
				5FFF7797199C1F6C00AE0269 /* Categories */,
				5FFF77A2199C1F6C00AE0269 /* Controllers */,
				5FFF77A8199C1F6C00AE0269 /* Factories */,
				5FFF77B1199C1F6C00AE0269 /* JSQMessages.h */,
				5FFF77B2199C1F6C00AE0269 /* Layout */,
				5FFF77B9199C1F6C00AE0269 /* Model */,
				5FFF77BD199C1F6C00AE0269 /* Views */,
			);
			name = JSQMessagesViewController;
			path = JSQMessagesViewController/JSQMessagesViewController;
			sourceTree = "<group>";
		};
		5FFF7782199C1F6C00AE0269 /* Assets */ = {
			isa = PBXGroup;
			children = (
				5FFF7783199C1F6C00AE0269 /* Images */,
				5FFF7794199C1F6C00AE0269 /* Sounds */,
			);
			path = Assets;
			sourceTree = "<group>";
		};
		5FFF7783199C1F6C00AE0269 /* Images */ = {
			isa = PBXGroup;
			children = (
				5FFF7784199C1F6C00AE0269 /* bubble.png */,
				5FFF7785199C1F6C00AE0269 /* bubble@2x.png */,
				5FFF7786199C1F6C00AE0269 /* bubble_min.png */,
				5FFF7787199C1F6C00AE0269 /* bubble_min@2x.png */,
				5FFF7788199C1F6C00AE0269 /* bubble_min_tailless.png */,
				5FFF7789199C1F6C00AE0269 /* bubble_min_tailless@2x.png */,
				5FFF778A199C1F6C00AE0269 /* bubble_stroked.png */,
				5FFF778B199C1F6C00AE0269 /* bubble_stroked@2x.png */,
				5FFF778C199C1F6C00AE0269 /* bubble_stroked_tailless.png */,
				5FFF778D199C1F6C00AE0269 /* bubble_stroked_tailless@2x.png */,
				5FFF778E199C1F6C00AE0269 /* bubble_tailless.png */,
				5FFF778F199C1F6C00AE0269 /* bubble_tailless@2x.png */,
				5FFF7790199C1F6C00AE0269 /* camera.png */,
				5FFF7791199C1F6C00AE0269 /* camera@2x.png */,
				5FFF7792199C1F6C00AE0269 /* typing.png */,
				5FFF7793199C1F6C00AE0269 /* typing@2x.png */,
			);
			path = Images;
			sourceTree = "<group>";
		};
		5FFF7794199C1F6C00AE0269 /* Sounds */ = {
			isa = PBXGroup;
			children = (
				5FFF7795199C1F6C00AE0269 /* message_received.aiff */,
				5FFF7796199C1F6C00AE0269 /* message_sent.aiff */,
			);
			path = Sounds;
			sourceTree = "<group>";
		};
		5FFF7797199C1F6C00AE0269 /* Categories */ = {
			isa = PBXGroup;
			children = (
				5FFF7798199C1F6C00AE0269 /* JSQSystemSoundPlayer+JSQMessages.h */,
				5FFF7799199C1F6C00AE0269 /* JSQSystemSoundPlayer+JSQMessages.m */,
				5FFF779A199C1F6C00AE0269 /* NSString+JSQMessages.h */,
				5FFF779B199C1F6C00AE0269 /* NSString+JSQMessages.m */,
				5FFF779C199C1F6C00AE0269 /* UIColor+JSQMessages.h */,
				5FFF779D199C1F6C00AE0269 /* UIColor+JSQMessages.m */,
				5FFF779E199C1F6C00AE0269 /* UIImage+JSQMessages.h */,
				5FFF779F199C1F6C00AE0269 /* UIImage+JSQMessages.m */,
				5FFF77A0199C1F6C00AE0269 /* UIView+JSQMessages.h */,
				5FFF77A1199C1F6C00AE0269 /* UIView+JSQMessages.m */,
			);
			path = Categories;
			sourceTree = "<group>";
		};
		5FFF77A2199C1F6C00AE0269 /* Controllers */ = {
			isa = PBXGroup;
			children = (
				5FFF77A3199C1F6C00AE0269 /* JSQMessagesKeyboardController.h */,
				5FFF77A4199C1F6C00AE0269 /* JSQMessagesKeyboardController.m */,
				5FFF77A5199C1F6C00AE0269 /* JSQMessagesViewController.h */,
				5FFF77A6199C1F6C00AE0269 /* JSQMessagesViewController.m */,
				5FFF77A7199C1F6C00AE0269 /* JSQMessagesViewController.xib */,
			);
			path = Controllers;
			sourceTree = "<group>";
		};
		5FFF77A8199C1F6C00AE0269 /* Factories */ = {
			isa = PBXGroup;
			children = (
				5FFF77A9199C1F6C00AE0269 /* JSQMessagesAvatarFactory.h */,
				5FFF77AA199C1F6C00AE0269 /* JSQMessagesAvatarFactory.m */,
				5FFF77AB199C1F6C00AE0269 /* JSQMessagesBubbleImageFactory.h */,
				5FFF77AC199C1F6C00AE0269 /* JSQMessagesBubbleImageFactory.m */,
				5FFF77AD199C1F6C00AE0269 /* JSQMessagesTimestampFormatter.h */,
				5FFF77AE199C1F6C00AE0269 /* JSQMessagesTimestampFormatter.m */,
				5FFF77AF199C1F6C00AE0269 /* JSQMessagesToolbarButtonFactory.h */,
				5FFF77B0199C1F6C00AE0269 /* JSQMessagesToolbarButtonFactory.m */,
			);
			path = Factories;
			sourceTree = "<group>";
		};
		5FFF77B2199C1F6C00AE0269 /* Layout */ = {
			isa = PBXGroup;
			children = (
				5FFF77B3199C1F6C00AE0269 /* JSQMessagesCollectionViewFlowLayout.h */,
				5FFF77B4199C1F6C00AE0269 /* JSQMessagesCollectionViewFlowLayout.m */,
				5FFF77B5199C1F6C00AE0269 /* JSQMessagesCollectionViewFlowLayoutInvalidationContext.h */,
				5FFF77B6199C1F6C00AE0269 /* JSQMessagesCollectionViewFlowLayoutInvalidationContext.m */,
				5FFF77B7199C1F6C00AE0269 /* JSQMessagesCollectionViewLayoutAttributes.h */,
				5FFF77B8199C1F6C00AE0269 /* JSQMessagesCollectionViewLayoutAttributes.m */,
			);
			path = Layout;
			sourceTree = "<group>";
		};
		5FFF77B9199C1F6C00AE0269 /* Model */ = {
			isa = PBXGroup;
			children = (
				5FFF77BA199C1F6C00AE0269 /* JSQMessage.h */,
				5FFF77BB199C1F6C00AE0269 /* JSQMessage.m */,
				5FFF77BC199C1F6C00AE0269 /* JSQMessageData.h */,
			);
			path = Model;
			sourceTree = "<group>";
		};
		5FFF77BD199C1F6C00AE0269 /* Views */ = {
			isa = PBXGroup;
			children = (
				5FFF77BE199C1F6C00AE0269 /* JSQMessagesCollectionView.h */,
				5FFF77BF199C1F6C00AE0269 /* JSQMessagesCollectionView.m */,
				5FFF77C0199C1F6C00AE0269 /* JSQMessagesCollectionViewCell.h */,
				5FFF77C1199C1F6C00AE0269 /* JSQMessagesCollectionViewCell.m */,
				5FFF77C2199C1F6C00AE0269 /* JSQMessagesCollectionViewCellIncoming.h */,
				5FFF77C3199C1F6C00AE0269 /* JSQMessagesCollectionViewCellIncoming.m */,
				5FFF77C4199C1F6C00AE0269 /* JSQMessagesCollectionViewCellIncoming.xib */,
				5FFF77C5199C1F6C00AE0269 /* JSQMessagesCollectionViewCellOutgoing.h */,
				5FFF77C6199C1F6C00AE0269 /* JSQMessagesCollectionViewCellOutgoing.m */,
				5FFF77C7199C1F6C00AE0269 /* JSQMessagesCollectionViewCellOutgoing.xib */,
				5FFF77C8199C1F6C00AE0269 /* JSQMessagesComposerTextView.h */,
				5FFF77C9199C1F6C00AE0269 /* JSQMessagesComposerTextView.m */,
				5FFF77CA199C1F6C00AE0269 /* JSQMessagesInputToolbar.h */,
				5FFF77CB199C1F6C00AE0269 /* JSQMessagesInputToolbar.m */,
				5FFF77CC199C1F6C00AE0269 /* JSQMessagesLabel.h */,
				5FFF77CD199C1F6C00AE0269 /* JSQMessagesLabel.m */,
				5FFF77CE199C1F6C00AE0269 /* JSQMessagesLoadEarlierHeaderView.h */,
				5FFF77CF199C1F6C00AE0269 /* JSQMessagesLoadEarlierHeaderView.m */,
				5FFF77D0199C1F6C00AE0269 /* JSQMessagesLoadEarlierHeaderView.xib */,
				5FFF77D1199C1F6C00AE0269 /* JSQMessagesToolbarContentView.h */,
				5FFF77D2199C1F6C00AE0269 /* JSQMessagesToolbarContentView.m */,
				5FFF77D3199C1F6C00AE0269 /* JSQMessagesToolbarContentView.xib */,
				5FFF77D4199C1F6C00AE0269 /* JSQMessagesTypingIndicatorFooterView.h */,
				5FFF77D5199C1F6C00AE0269 /* JSQMessagesTypingIndicatorFooterView.m */,
				5FFF77D6199C1F6C00AE0269 /* JSQMessagesTypingIndicatorFooterView.xib */,
			);
			path = Views;
			sourceTree = "<group>";
		};
		5FFF7808199C1F9900AE0269 /* JSQSystemSoundPlayer */ = {
			isa = PBXGroup;
			children = (
				5FFF7809199C1F9900AE0269 /* Classes */,
			);
			name = JSQSystemSoundPlayer;
			path = JSQSystemSoundPlayer/JSQSystemSoundPlayer;
			sourceTree = "<group>";
		};
		5FFF7809199C1F9900AE0269 /* Classes */ = {
			isa = PBXGroup;
			children = (
				5FFF780A199C1F9900AE0269 /* JSQSystemSoundPlayer.h */,
				5FFF780B199C1F9900AE0269 /* JSQSystemSoundPlayer.m */,
			);
			path = Classes;
			sourceTree = "<group>";
		};
		E00352351AE2D7FC009788FA /* Spring */ = {
			isa = PBXGroup;
			children = (
				E039A5DE1AE30473008AF130 /* BlurView.swift */,
				E039A5DF1AE30473008AF130 /* Data.swift */,
				E039A5E01AE30473008AF130 /* DesignableView.swift */,
				E039A5E11AE30473008AF130 /* Misc.swift */,
				E039A5E21AE30473008AF130 /* SpringAnimation.swift */,
			);
			name = Spring;
			sourceTree = "<group>";
		};
		E0BCEEAA1AE2F8DF00562290 /* font */ = {
			isa = PBXGroup;
			children = (
				E039A5EC1AE3048E008AF130 /* TipoType - Libertad.otf */,
			);
			name = font;
			sourceTree = "<group>";
		};
/* End PBXGroup section */

/* Begin PBXNativeTarget section */
		5FFF76B8199C191F00AE0269 /* Amoureux */ = {
			isa = PBXNativeTarget;
			buildConfigurationList = 5FFF76D5199C191F00AE0269 /* Build configuration list for PBXNativeTarget "Amoureux" */;
			buildPhases = (
				5FFF76B5199C191F00AE0269 /* Sources */,
				5FFF76B6199C191F00AE0269 /* Frameworks */,
				5FFF76B7199C191F00AE0269 /* Resources */,
			);
			buildRules = (
			);
			dependencies = (
			);
			name = Amoureux;
			productName = "FireChat-Swift";
			productReference = 5FFF76B9199C191F00AE0269 /* Amoureux.app */;
			productType = "com.apple.product-type.application";
		};
		5FFF76CA199C191F00AE0269 /* AmoureuxTests */ = {
			isa = PBXNativeTarget;
			buildConfigurationList = 5FFF76D8199C191F00AE0269 /* Build configuration list for PBXNativeTarget "AmoureuxTests" */;
			buildPhases = (
				5FFF76C7199C191F00AE0269 /* Sources */,
				5FFF76C8199C191F00AE0269 /* Frameworks */,
				5FFF76C9199C191F00AE0269 /* Resources */,
			);
			buildRules = (
			);
			dependencies = (
				5FFF76CD199C191F00AE0269 /* PBXTargetDependency */,
			);
			name = AmoureuxTests;
			productName = "FireChat-SwiftTests";
			productReference = 5FFF76CB199C191F00AE0269 /* AmoureuxTests.xctest */;
			productType = "com.apple.product-type.bundle.unit-test";
		};
/* End PBXNativeTarget section */

/* Begin PBXProject section */
		5FFF76B1199C191F00AE0269 /* Project object */ = {
			isa = PBXProject;
			attributes = {
				LastUpgradeCheck = 0600;
				ORGANIZATIONNAME = Firebase;
				TargetAttributes = {
					5FFF76B8199C191F00AE0269 = {
						CreatedOnToolsVersion = 6.0;
						DevelopmentTeam = 6QN349HHUB;
						SystemCapabilities = {
							com.apple.InAppPurchase = {
								enabled = 0;
							};
						};
					};
					5FFF76CA199C191F00AE0269 = {
						CreatedOnToolsVersion = 6.0;
						TestTargetID = 5FFF76B8199C191F00AE0269;
					};
				};
			};
			buildConfigurationList = 5FFF76B4199C191F00AE0269 /* Build configuration list for PBXProject "Amoureux" */;
			compatibilityVersion = "Xcode 3.2";
			developmentRegion = English;
			hasScannedForEncodings = 0;
			knownRegions = (
				en,
				Base,
			);
			mainGroup = 5FFF76B0199C191F00AE0269;
			productRefGroup = 5FFF76BA199C191F00AE0269 /* Products */;
			projectDirPath = "";
			projectRoot = "";
			targets = (
				5FFF76B8199C191F00AE0269 /* Amoureux */,
				5FFF76CA199C191F00AE0269 /* AmoureuxTests */,
			);
		};
/* End PBXProject section */

/* Begin PBXResourcesBuildPhase section */
		5FFF76B7199C191F00AE0269 /* Resources */ = {
			isa = PBXResourcesBuildPhase;
			buildActionMask = 2147483647;
			files = (
				44B715921AE3074400D9FE3B /* TipoType - Libertad.otf in Resources */,
				5FFF76C6199C191F00AE0269 /* Images.xcassets in Resources */,
				5FFF77DB199C1F6C00AE0269 /* bubble_min_tailless.png in Resources */,
				449869941AD1D99C001603F8 /* star.png in Resources */,
				5FFF7807199C1F6C00AE0269 /* JSQMessagesTypingIndicatorFooterView.xib in Resources */,
				4493D55D1AE4A632002136CB /* ph.jpg in Resources */,
				5FFF77E4199C1F6C00AE0269 /* camera@2x.png in Resources */,
				5FFF77D9199C1F6C00AE0269 /* bubble_min.png in Resources */,
				5FFF77E3199C1F6C00AE0269 /* camera.png in Resources */,
				4498698F1AD1D99C001603F8 /* gear@2x.png in Resources */,
				449869931AD1D99C001603F8 /* profile@2x.png in Resources */,
				5FFF77D8199C1F6C00AE0269 /* bubble@2x.png in Resources */,
				5FFF77D7199C1F6C00AE0269 /* bubble.png in Resources */,
				5FFF77E0199C1F6C00AE0269 /* bubble_stroked_tailless@2x.png in Resources */,
				5FFF77E6199C1F6C00AE0269 /* typing@2x.png in Resources */,
				449869901AD1D99C001603F8 /* globe.png in Resources */,
				449869921AD1D99C001603F8 /* profile.png in Resources */,
				5FFF77E2199C1F6C00AE0269 /* bubble_tailless@2x.png in Resources */,
				5FFF7803199C1F6C00AE0269 /* JSQMessagesLoadEarlierHeaderView.xib in Resources */,
				4401683A1AE1DDD500BBFAFE /* Main.storyboard in Resources */,
				4498698E1AD1D99C001603F8 /* gear.png in Resources */,
				5FFF77E7199C1F6C00AE0269 /* message_received.aiff in Resources */,
				449869951AD1D99C001603F8 /* star@2x.png in Resources */,
				5FFF77DC199C1F6C00AE0269 /* bubble_min_tailless@2x.png in Resources */,
				4498698D1AD1D99C001603F8 /* click.gif in Resources */,
				5FFF77E1199C1F6C00AE0269 /* bubble_tailless.png in Resources */,
				4498698C1AD1D99C001603F8 /* burger@2x.png in Resources */,
				58D8F0961AE7121100B7CE89 /* whisper.jpg in Resources */,
				5FFF77DF199C1F6C00AE0269 /* bubble_stroked_tailless.png in Resources */,
				4498698A1AD1D99C001603F8 /* Background.jpg in Resources */,
				5FFF77DE199C1F6C00AE0269 /* bubble_stroked@2x.png in Resources */,
				5FFF7805199C1F6C00AE0269 /* JSQMessagesToolbarContentView.xib in Resources */,
				5FFF77E5199C1F6C00AE0269 /* typing.png in Resources */,
				5FFF77DD199C1F6C00AE0269 /* bubble_stroked.png in Resources */,
				5FFF77FE199C1F6C00AE0269 /* JSQMessagesCollectionViewCellOutgoing.xib in Resources */,
				5FFF77DA199C1F6C00AE0269 /* bubble_min@2x.png in Resources */,
				4498698B1AD1D99C001603F8 /* burger.png in Resources */,
				449869911AD1D99C001603F8 /* globe@2x.png in Resources */,
				5FFF77FC199C1F6C00AE0269 /* JSQMessagesCollectionViewCellIncoming.xib in Resources */,
				5FFF77E8199C1F6C00AE0269 /* message_sent.aiff in Resources */,
				5FFF77F0199C1F6C00AE0269 /* JSQMessagesViewController.xib in Resources */,
			);
			runOnlyForDeploymentPostprocessing = 0;
		};
		5FFF76C9199C191F00AE0269 /* Resources */ = {
			isa = PBXResourcesBuildPhase;
			buildActionMask = 2147483647;
			files = (
			);
			runOnlyForDeploymentPostprocessing = 0;
		};
/* End PBXResourcesBuildPhase section */

/* Begin PBXSourcesBuildPhase section */
		5FFF76B5199C191F00AE0269 /* Sources */ = {
			isa = PBXSourcesBuildPhase;
			buildActionMask = 2147483647;
			files = (
				E010B5931AE356C2005EA4BE /* Phototest.swift in Sources */,
				E010B5911AE34BEE005EA4BE /* Photo.swift in Sources */,
				449869781AD1D877001603F8 /* LoginViewController.swift in Sources */,
				4498697C1AD1D877001603F8 /* UserViewController.swift in Sources */,
				5FCB62C1199E7C19008B93DB /* MessagesViewController.swift in Sources */,
				440168331AE1D9F000BBFAFE /* NavigationViewController.swift in Sources */,
				5FFF77EC199C1F6C00AE0269 /* UIImage+JSQMessages.m in Sources */,
				5FFF77F4199C1F6C00AE0269 /* JSQMessagesToolbarButtonFactory.m in Sources */,
				449869791AD1D877001603F8 /* SidePanelViewController.swift in Sources */,
				5FFF77EF199C1F6C00AE0269 /* JSQMessagesViewController.m in Sources */,
				5FFF77F9199C1F6C00AE0269 /* JSQMessagesCollectionView.m in Sources */,
				4498697D1AD1D877001603F8 /* ViewController.swift in Sources */,
				5FFF77F6199C1F6C00AE0269 /* JSQMessagesCollectionViewFlowLayoutInvalidationContext.m in Sources */,
				5FFF7800199C1F6C00AE0269 /* JSQMessagesInputToolbar.m in Sources */,
				E039A5E41AE30473008AF130 /* Data.swift in Sources */,
				5FFF77F2199C1F6C00AE0269 /* JSQMessagesBubbleImageFactory.m in Sources */,
				449869771AD1D877001603F8 /* FrostedSidebar.swift in Sources */,
				E039A5E51AE30473008AF130 /* DesignableView.swift in Sources */,
				5FFF7804199C1F6C00AE0269 /* JSQMessagesToolbarContentView.m in Sources */,
				4493D5561AE4A462002136CB /* usersCell.swift in Sources */,
				E039A5EF1AE30576008AF130 /* Amoureux.xcdatamodeld in Sources */,
				5FFF77ED199C1F6C00AE0269 /* UIView+JSQMessages.m in Sources */,
				4493D55A1AE4A462002136CB /* mainVC.swift in Sources */,
				440168351AE1DA3C00BBFAFE /* NavigationCell.swift in Sources */,
				440168311AE1D91D00BBFAFE /* TimelineCell.swift in Sources */,
				440168371AE1DA7D00BBFAFE /* TransitionOperator.swift in Sources */,
				5FFF77FB199C1F6C00AE0269 /* JSQMessagesCollectionViewCellIncoming.m in Sources */,
				4401682F1AE1D6F900BBFAFE /* OtherNavController.swift in Sources */,
				5FFF77E9199C1F6C00AE0269 /* JSQSystemSoundPlayer+JSQMessages.m in Sources */,
				5FF98CB219A51B8E0041E81A /* Message.swift in Sources */,
				63891100199E968100B8998F /* ChatLoginViewController.swift in Sources */,
				5FFF77EB199C1F6C00AE0269 /* UIColor+JSQMessages.m in Sources */,
				5FFF77FD199C1F6C00AE0269 /* JSQMessagesCollectionViewCellOutgoing.m in Sources */,
				5FFF7806199C1F6C00AE0269 /* JSQMessagesTypingIndicatorFooterView.m in Sources */,
				5FFF77F7199C1F6C00AE0269 /* JSQMessagesCollectionViewLayoutAttributes.m in Sources */,
				4493D5591AE4A462002136CB /* mainCell.swift in Sources */,
				5FFF77F1199C1F6C00AE0269 /* JSQMessagesAvatarFactory.m in Sources */,
				5F19222719D9D3D900D5C772 /* TwitterAuthHelper.m in Sources */,
				5FFF77F8199C1F6C00AE0269 /* JSQMessage.m in Sources */,
				4493D5581AE4A462002136CB /* tweetVC.swift in Sources */,
				5FFF77F3199C1F6C00AE0269 /* JSQMessagesTimestampFormatter.m in Sources */,
				5FFF77FA199C1F6C00AE0269 /* JSQMessagesCollectionViewCell.m in Sources */,
				E039A5E61AE30473008AF130 /* Misc.swift in Sources */,
				4498697A1AD1D877001603F8 /* SignUpViewController.swift in Sources */,
				4498697B1AD1D877001603F8 /* TabBarController.swift in Sources */,
				E039A5E31AE30473008AF130 /* BlurView.swift in Sources */,
				E039A5EB1AE30481008AF130 /* PhotoWall.swift in Sources */,
				5FFF77EE199C1F6C00AE0269 /* JSQMessagesKeyboardController.m in Sources */,
				5FFF7801199C1F6C00AE0269 /* JSQMessagesLabel.m in Sources */,
				449869741AD1D877001603F8 /* Animal.swift in Sources */,
				5FFF7802199C1F6C00AE0269 /* JSQMessagesLoadEarlierHeaderView.m in Sources */,
				5FFF77FF199C1F6C00AE0269 /* JSQMessagesComposerTextView.m in Sources */,
				449869761AD1D877001603F8 /* ContainerViewController.swift in Sources */,
				44B715911AE1EB3100D9FE3B /* TimelineViewController.swift in Sources */,
				5FFF77F5199C1F6C00AE0269 /* JSQMessagesCollectionViewFlowLayout.m in Sources */,
				4493D5571AE4A462002136CB /* signUpVC.swift in Sources */,
				5FFF77EA199C1F6C00AE0269 /* NSString+JSQMessages.m in Sources */,
				4493D55B1AE4A462002136CB /* usersVC.swift in Sources */,
				449869751AD1D877001603F8 /* CenterViewController.swift in Sources */,
				E039A5E71AE30473008AF130 /* SpringAnimation.swift in Sources */,
				5FFF780C199C1F9900AE0269 /* JSQSystemSoundPlayer.m in Sources */,
				5FFF76BF199C191F00AE0269 /* AppDelegate.swift in Sources */,
			);
			runOnlyForDeploymentPostprocessing = 0;
		};
		5FFF76C7199C191F00AE0269 /* Sources */ = {
			isa = PBXSourcesBuildPhase;
			buildActionMask = 2147483647;
			files = (
				5FFF76D2199C191F00AE0269 /* FireChat_SwiftTests.swift in Sources */,
			);
			runOnlyForDeploymentPostprocessing = 0;
		};
/* End PBXSourcesBuildPhase section */

/* Begin PBXTargetDependency section */
		5FFF76CD199C191F00AE0269 /* PBXTargetDependency */ = {
			isa = PBXTargetDependency;
			target = 5FFF76B8199C191F00AE0269 /* Amoureux */;
			targetProxy = 5FFF76CC199C191F00AE0269 /* PBXContainerItemProxy */;
		};
/* End PBXTargetDependency section */

/* Begin PBXVariantGroup section */
		440168381AE1DDD500BBFAFE /* Main.storyboard */ = {
			isa = PBXVariantGroup;
			children = (
				440168391AE1DDD500BBFAFE /* Base */,
			);
			name = Main.storyboard;
			sourceTree = "<group>";
		};
/* End PBXVariantGroup section */

/* Begin XCBuildConfiguration section */
		5FFF76D3199C191F00AE0269 /* Debug */ = {
			isa = XCBuildConfiguration;
			buildSettings = {
				ALWAYS_SEARCH_USER_PATHS = NO;
				CLANG_CXX_LANGUAGE_STANDARD = "gnu++0x";
				CLANG_CXX_LIBRARY = "libc++";
				CLANG_ENABLE_MODULES = YES;
				CLANG_ENABLE_OBJC_ARC = YES;
				CLANG_WARN_BOOL_CONVERSION = YES;
				CLANG_WARN_CONSTANT_CONVERSION = YES;
				CLANG_WARN_DIRECT_OBJC_ISA_USAGE = YES_ERROR;
				CLANG_WARN_EMPTY_BODY = YES;
				CLANG_WARN_ENUM_CONVERSION = YES;
				CLANG_WARN_INT_CONVERSION = YES;
				CLANG_WARN_OBJC_ROOT_CLASS = YES_ERROR;
				CLANG_WARN_UNREACHABLE_CODE = YES;
				CLANG_WARN__DUPLICATE_METHOD_MATCH = YES;
				"CODE_SIGN_IDENTITY[sdk=iphoneos*]" = "iPhone Developer";
				COPY_PHASE_STRIP = NO;
				ENABLE_STRICT_OBJC_MSGSEND = YES;
				GCC_C_LANGUAGE_STANDARD = gnu99;
				GCC_DYNAMIC_NO_PIC = NO;
				GCC_OPTIMIZATION_LEVEL = 0;
				GCC_PREPROCESSOR_DEFINITIONS = (
					"DEBUG=1",
					"$(inherited)",
				);
				GCC_SYMBOLS_PRIVATE_EXTERN = NO;
				GCC_WARN_64_TO_32_BIT_CONVERSION = YES;
				GCC_WARN_ABOUT_RETURN_TYPE = YES_ERROR;
				GCC_WARN_UNDECLARED_SELECTOR = YES;
				GCC_WARN_UNINITIALIZED_AUTOS = YES_AGGRESSIVE;
				GCC_WARN_UNUSED_FUNCTION = YES;
				GCC_WARN_UNUSED_VARIABLE = YES;
				IPHONEOS_DEPLOYMENT_TARGET = 8.0;
				MTL_ENABLE_DEBUG_INFO = YES;
				ONLY_ACTIVE_ARCH = YES;
				SDKROOT = iphoneos;
				SWIFT_OPTIMIZATION_LEVEL = "-Onone";
			};
			name = Debug;
		};
		5FFF76D4199C191F00AE0269 /* Release */ = {
			isa = XCBuildConfiguration;
			buildSettings = {
				ALWAYS_SEARCH_USER_PATHS = NO;
				CLANG_CXX_LANGUAGE_STANDARD = "gnu++0x";
				CLANG_CXX_LIBRARY = "libc++";
				CLANG_ENABLE_MODULES = YES;
				CLANG_ENABLE_OBJC_ARC = YES;
				CLANG_WARN_BOOL_CONVERSION = YES;
				CLANG_WARN_CONSTANT_CONVERSION = YES;
				CLANG_WARN_DIRECT_OBJC_ISA_USAGE = YES_ERROR;
				CLANG_WARN_EMPTY_BODY = YES;
				CLANG_WARN_ENUM_CONVERSION = YES;
				CLANG_WARN_INT_CONVERSION = YES;
				CLANG_WARN_OBJC_ROOT_CLASS = YES_ERROR;
				CLANG_WARN_UNREACHABLE_CODE = YES;
				CLANG_WARN__DUPLICATE_METHOD_MATCH = YES;
				"CODE_SIGN_IDENTITY[sdk=iphoneos*]" = "iPhone Developer";
				COPY_PHASE_STRIP = YES;
				ENABLE_NS_ASSERTIONS = NO;
				ENABLE_STRICT_OBJC_MSGSEND = YES;
				GCC_C_LANGUAGE_STANDARD = gnu99;
				GCC_WARN_64_TO_32_BIT_CONVERSION = YES;
				GCC_WARN_ABOUT_RETURN_TYPE = YES_ERROR;
				GCC_WARN_UNDECLARED_SELECTOR = YES;
				GCC_WARN_UNINITIALIZED_AUTOS = YES_AGGRESSIVE;
				GCC_WARN_UNUSED_FUNCTION = YES;
				GCC_WARN_UNUSED_VARIABLE = YES;
				IPHONEOS_DEPLOYMENT_TARGET = 8.0;
				MTL_ENABLE_DEBUG_INFO = NO;
				SDKROOT = iphoneos;
				VALIDATE_PRODUCT = YES;
			};
			name = Release;
		};
		5FFF76D6199C191F00AE0269 /* Debug */ = {
			isa = XCBuildConfiguration;
			buildSettings = {
				ASSETCATALOG_COMPILER_APPICON_NAME = AppIcon;
				ASSETCATALOG_COMPILER_LAUNCHIMAGE_NAME = LaunchImage;
				CLANG_ENABLE_MODULES = YES;
				CODE_SIGN_IDENTITY = "iPhone Developer";
				"CODE_SIGN_IDENTITY[sdk=iphoneos*]" = "iPhone Developer";
				FRAMEWORK_SEARCH_PATHS = (
					"$(inherited)",
					"$(PROJECT_DIR)",
				);
				INFOPLIST_FILE = "$(SRCROOT)/Amoureux/Info.plist";
				IPHONEOS_DEPLOYMENT_TARGET = 7.0;
				LD_RUNPATH_SEARCH_PATHS = "$(inherited) @executable_path/Frameworks";
				OTHER_LDFLAGS = "-ObjC";
				PRODUCT_NAME = Amoureux;
				PROVISIONING_PROFILE = "";
				SWIFT_OBJC_BRIDGING_HEADER = "Amoureux/FireChat-Swift-Bridging-Header.h";
				SWIFT_OPTIMIZATION_LEVEL = "-Onone";
				TARGETED_DEVICE_FAMILY = 1;
			};
			name = Debug;
		};
		5FFF76D7199C191F00AE0269 /* Release */ = {
			isa = XCBuildConfiguration;
			buildSettings = {
				ASSETCATALOG_COMPILER_APPICON_NAME = AppIcon;
				ASSETCATALOG_COMPILER_LAUNCHIMAGE_NAME = LaunchImage;
				CLANG_ENABLE_MODULES = YES;
				CODE_SIGN_IDENTITY = "iPhone Developer";
				"CODE_SIGN_IDENTITY[sdk=iphoneos*]" = "iPhone Developer";
				FRAMEWORK_SEARCH_PATHS = (
					"$(inherited)",
					"$(PROJECT_DIR)",
				);
				INFOPLIST_FILE = "$(SRCROOT)/Amoureux/Info.plist";
				IPHONEOS_DEPLOYMENT_TARGET = 7.0;
				LD_RUNPATH_SEARCH_PATHS = "$(inherited) @executable_path/Frameworks";
				OTHER_LDFLAGS = "-ObjC";
				PRODUCT_NAME = Amoureux;
				PROVISIONING_PROFILE = "";
				SWIFT_OBJC_BRIDGING_HEADER = "Amoureux/FireChat-Swift-Bridging-Header.h";
				TARGETED_DEVICE_FAMILY = 1;
			};
			name = Release;
		};
		5FFF76D9199C191F00AE0269 /* Debug */ = {
			isa = XCBuildConfiguration;
			buildSettings = {
				BUNDLE_LOADER = "$(TEST_HOST)";
				FRAMEWORK_SEARCH_PATHS = (
					"$(SDKROOT)/Developer/Library/Frameworks",
					"$(inherited)",
				);
				GCC_PREPROCESSOR_DEFINITIONS = (
					"DEBUG=1",
					"$(inherited)",
				);
				INFOPLIST_FILE = Amoureux/Info.plist;
				LD_RUNPATH_SEARCH_PATHS = "$(inherited) @executable_path/Frameworks @loader_path/Frameworks";
				PRODUCT_NAME = AmoureuxTests;
				TEST_HOST = "";
			};
			name = Debug;
		};
		5FFF76DA199C191F00AE0269 /* Release */ = {
			isa = XCBuildConfiguration;
			buildSettings = {
				BUNDLE_LOADER = "$(TEST_HOST)";
				FRAMEWORK_SEARCH_PATHS = (
					"$(SDKROOT)/Developer/Library/Frameworks",
					"$(inherited)",
				);
				INFOPLIST_FILE = Amoureux/Info.plist;
				LD_RUNPATH_SEARCH_PATHS = "$(inherited) @executable_path/Frameworks @loader_path/Frameworks";
				PRODUCT_NAME = AmoureuxTests;
				TEST_HOST = "";
			};
			name = Release;
		};
/* End XCBuildConfiguration section */

/* Begin XCConfigurationList section */
		5FFF76B4199C191F00AE0269 /* Build configuration list for PBXProject "Amoureux" */ = {
			isa = XCConfigurationList;
			buildConfigurations = (
				5FFF76D3199C191F00AE0269 /* Debug */,
				5FFF76D4199C191F00AE0269 /* Release */,
			);
			defaultConfigurationIsVisible = 0;
			defaultConfigurationName = Release;
		};
		5FFF76D5199C191F00AE0269 /* Build configuration list for PBXNativeTarget "Amoureux" */ = {
			isa = XCConfigurationList;
			buildConfigurations = (
				5FFF76D6199C191F00AE0269 /* Debug */,
				5FFF76D7199C191F00AE0269 /* Release */,
			);
			defaultConfigurationIsVisible = 0;
			defaultConfigurationName = Release;
		};
		5FFF76D8199C191F00AE0269 /* Build configuration list for PBXNativeTarget "AmoureuxTests" */ = {
			isa = XCConfigurationList;
			buildConfigurations = (
				5FFF76D9199C191F00AE0269 /* Debug */,
				5FFF76DA199C191F00AE0269 /* Release */,
			);
			defaultConfigurationIsVisible = 0;
			defaultConfigurationName = Release;
		};
/* End XCConfigurationList section */

/* Begin XCVersionGroup section */
		E039A5ED1AE30576008AF130 /* Amoureux.xcdatamodeld */ = {
			isa = XCVersionGroup;
			children = (
				E039A5EE1AE30576008AF130 /* Amoureux.xcdatamodel */,
			);
			currentVersion = E039A5EE1AE30576008AF130 /* Amoureux.xcdatamodel */;
			path = Amoureux.xcdatamodeld;
			sourceTree = "<group>";
			versionGroupType = wrapper.xcdatamodel;
		};
/* End XCVersionGroup section */
	};
	rootObject = 5FFF76B1199C191F00AE0269 /* Project object */;
}
