// !$*UTF8*$!
{
	archiveVersion = 1;
	classes = {
	};
	objectVersion = 46;
	objects = {

/* Begin PBXBuildFile section */
		172D524C1A84488B0049166C /* AppDelegate.swift in Sources */ = {isa = PBXBuildFile; fileRef = 172D524B1A84488B0049166C /* AppDelegate.swift */; };
		172D524E1A84488B0049166C /* ViewController.swift in Sources */ = {isa = PBXBuildFile; fileRef = 172D524D1A84488B0049166C /* ViewController.swift */; };
		172D52511A84488B0049166C /* Main.storyboard in Resources */ = {isa = PBXBuildFile; fileRef = 172D524F1A84488B0049166C /* Main.storyboard */; };
		172D52561A84488C0049166C /* LaunchScreen.xib in Resources */ = {isa = PBXBuildFile; fileRef = 172D52541A84488C0049166C /* LaunchScreen.xib */; };
		172D52621A84488C0049166C /* AmoureuxTests.swift in Sources */ = {isa = PBXBuildFile; fileRef = 172D52611A84488C0049166C /* AmoureuxTests.swift */; };
		17DFC6731A885D1A006E2F6D /* LoginViewController.swift in Sources */ = {isa = PBXBuildFile; fileRef = 17DFC6721A885D1A006E2F6D /* LoginViewController.swift */; };
		17DFC6751A885D26006E2F6D /* SignUpViewController.swift in Sources */ = {isa = PBXBuildFile; fileRef = 17DFC6741A885D26006E2F6D /* SignUpViewController.swift */; };
		4437B4321ACF920600375375 /* FrostedSidebar.swift in Sources */ = {isa = PBXBuildFile; fileRef = 4437B42F1ACF920600375375 /* FrostedSidebar.swift */; };
		4437B4331ACF920600375375 /* TabBarController.swift in Sources */ = {isa = PBXBuildFile; fileRef = 4437B4301ACF920600375375 /* TabBarController.swift */; };
		4437B4341ACF920600375375 /* UserViewController.swift in Sources */ = {isa = PBXBuildFile; fileRef = 4437B4311ACF920600375375 /* UserViewController.swift */; };
		4437B4411ACF925900375375 /* Background.jpg in Resources */ = {isa = PBXBuildFile; fileRef = 4437B4351ACF925900375375 /* Background.jpg */; };
		4437B4421ACF925900375375 /* burger.png in Resources */ = {isa = PBXBuildFile; fileRef = 4437B4361ACF925900375375 /* burger.png */; };
		4437B4431ACF925900375375 /* burger@2x.png in Resources */ = {isa = PBXBuildFile; fileRef = 4437B4371ACF925900375375 /* burger@2x.png */; };
		4437B4441ACF925900375375 /* click.gif in Resources */ = {isa = PBXBuildFile; fileRef = 4437B4381ACF925900375375 /* click.gif */; };
		4437B4451ACF925900375375 /* gear.png in Resources */ = {isa = PBXBuildFile; fileRef = 4437B4391ACF925900375375 /* gear.png */; };
		4437B4461ACF925900375375 /* gear@2x.png in Resources */ = {isa = PBXBuildFile; fileRef = 4437B43A1ACF925900375375 /* gear@2x.png */; };
		4437B4471ACF925900375375 /* globe.png in Resources */ = {isa = PBXBuildFile; fileRef = 4437B43B1ACF925900375375 /* globe.png */; };
		4437B4481ACF925900375375 /* globe@2x.png in Resources */ = {isa = PBXBuildFile; fileRef = 4437B43C1ACF925900375375 /* globe@2x.png */; };
		4437B4491ACF925900375375 /* profile.png in Resources */ = {isa = PBXBuildFile; fileRef = 4437B43D1ACF925900375375 /* profile.png */; };
		4437B44A1ACF925900375375 /* profile@2x.png in Resources */ = {isa = PBXBuildFile; fileRef = 4437B43E1ACF925900375375 /* profile@2x.png */; };
		4437B44B1ACF925900375375 /* star.png in Resources */ = {isa = PBXBuildFile; fileRef = 4437B43F1ACF925900375375 /* star.png */; };
		4437B44C1ACF925900375375 /* star@2x.png in Resources */ = {isa = PBXBuildFile; fileRef = 4437B4401ACF925900375375 /* star@2x.png */; };
		4437B44E1ACF9A3D00375375 /* Images.xcassets in Resources */ = {isa = PBXBuildFile; fileRef = 4437B44D1ACF9A3D00375375 /* Images.xcassets */; };
		4438D3741A9DB41E00FB9D45 /* Animal.swift in Sources */ = {isa = PBXBuildFile; fileRef = 4438D3521A9DB41E00FB9D45 /* Animal.swift */; };
		4438D3761A9DB41E00FB9D45 /* CenterViewController.swift in Sources */ = {isa = PBXBuildFile; fileRef = 4438D3541A9DB41E00FB9D45 /* CenterViewController.swift */; };
		4438D3771A9DB41E00FB9D45 /* ContainerViewController.swift in Sources */ = {isa = PBXBuildFile; fileRef = 4438D3551A9DB41E00FB9D45 /* ContainerViewController.swift */; };
		4438D3791A9DB41E00FB9D45 /* ID-100113060.jpg in Resources */ = {isa = PBXBuildFile; fileRef = 4438D3591A9DB41E00FB9D45 /* ID-100113060.jpg */; };
		4438D37A1A9DB41E00FB9D45 /* ID-10011404.jpg in Resources */ = {isa = PBXBuildFile; fileRef = 4438D35A1A9DB41E00FB9D45 /* ID-10011404.jpg */; };
		4438D37B1A9DB41E00FB9D45 /* ID-10017782.jpg in Resources */ = {isa = PBXBuildFile; fileRef = 4438D35B1A9DB41E00FB9D45 /* ID-10017782.jpg */; };
		4438D37C1A9DB41E00FB9D45 /* ID-10019208.jpg in Resources */ = {isa = PBXBuildFile; fileRef = 4438D35C1A9DB41E00FB9D45 /* ID-10019208.jpg */; };
		4438D37D1A9DB41E00FB9D45 /* ID-10022760.jpg in Resources */ = {isa = PBXBuildFile; fileRef = 4438D35D1A9DB41E00FB9D45 /* ID-10022760.jpg */; };
		4438D37E1A9DB41E00FB9D45 /* ID-10041194.jpg in Resources */ = {isa = PBXBuildFile; fileRef = 4438D35E1A9DB41E00FB9D45 /* ID-10041194.jpg */; };
		4438D37F1A9DB41E00FB9D45 /* ID-10047796.jpg in Resources */ = {isa = PBXBuildFile; fileRef = 4438D35F1A9DB41E00FB9D45 /* ID-10047796.jpg */; };
		4438D3801A9DB41E00FB9D45 /* ID-10056941.jpg in Resources */ = {isa = PBXBuildFile; fileRef = 4438D3601A9DB41E00FB9D45 /* ID-10056941.jpg */; };
		4438D3811A9DB41E00FB9D45 /* ID-10091065.jpg in Resources */ = {isa = PBXBuildFile; fileRef = 4438D3611A9DB41E00FB9D45 /* ID-10091065.jpg */; };
		4438D3821A9DB41E00FB9D45 /* ID-10091745.jpg in Resources */ = {isa = PBXBuildFile; fileRef = 4438D3621A9DB41E00FB9D45 /* ID-10091745.jpg */; };
		4438D3831A9DB41E00FB9D45 /* ID-10092572.jpg in Resources */ = {isa = PBXBuildFile; fileRef = 4438D3631A9DB41E00FB9D45 /* ID-10092572.jpg */; };
		4438D3841A9DB41E00FB9D45 /* ID-100120.jpg in Resources */ = {isa = PBXBuildFile; fileRef = 4438D3651A9DB41E00FB9D45 /* ID-100120.jpg */; };
		4438D3851A9DB41E00FB9D45 /* ID-10012923.jpg in Resources */ = {isa = PBXBuildFile; fileRef = 4438D3661A9DB41E00FB9D45 /* ID-10012923.jpg */; };
		4438D3861A9DB41E00FB9D45 /* ID-100136.jpg in Resources */ = {isa = PBXBuildFile; fileRef = 4438D3671A9DB41E00FB9D45 /* ID-100136.jpg */; };
		4438D3871A9DB41E00FB9D45 /* ID-100137.jpg in Resources */ = {isa = PBXBuildFile; fileRef = 4438D3681A9DB41E00FB9D45 /* ID-100137.jpg */; };
		4438D3881A9DB41E00FB9D45 /* ID-100140.jpg in Resources */ = {isa = PBXBuildFile; fileRef = 4438D3691A9DB41E00FB9D45 /* ID-100140.jpg */; };
		4438D3891A9DB41E00FB9D45 /* ID-10016005.jpg in Resources */ = {isa = PBXBuildFile; fileRef = 4438D36A1A9DB41E00FB9D45 /* ID-10016005.jpg */; };
		4438D38A1A9DB41E00FB9D45 /* ID-10018395.jpg in Resources */ = {isa = PBXBuildFile; fileRef = 4438D36B1A9DB41E00FB9D45 /* ID-10018395.jpg */; };
		4438D38B1A9DB41E00FB9D45 /* ID-10021769.jpg in Resources */ = {isa = PBXBuildFile; fileRef = 4438D36C1A9DB41E00FB9D45 /* ID-10021769.jpg */; };
		4438D38C1A9DB41E00FB9D45 /* ID-10034505.jpg in Resources */ = {isa = PBXBuildFile; fileRef = 4438D36D1A9DB41E00FB9D45 /* ID-10034505.jpg */; };
		4438D38D1A9DB41E00FB9D45 /* ID-10056667.jpg in Resources */ = {isa = PBXBuildFile; fileRef = 4438D36E1A9DB41E00FB9D45 /* ID-10056667.jpg */; };
		4438D38E1A9DB41E00FB9D45 /* ID-1009881.jpg in Resources */ = {isa = PBXBuildFile; fileRef = 4438D36F1A9DB41E00FB9D45 /* ID-1009881.jpg */; };
		4438D38F1A9DB41E00FB9D45 /* ID-10029135.jpg in Resources */ = {isa = PBXBuildFile; fileRef = 4438D3701A9DB41E00FB9D45 /* ID-10029135.jpg */; };
		4438D3901A9DB41E00FB9D45 /* SidePanelViewController.swift in Sources */ = {isa = PBXBuildFile; fileRef = 4438D3711A9DB41E00FB9D45 /* SidePanelViewController.swift */; };
		4438D3911A9DB41E00FB9D45 /* Info.plist in Resources */ = {isa = PBXBuildFile; fileRef = 4438D3731A9DB41E00FB9D45 /* Info.plist */; };
		E0F5AB3D1AA68A6300CC4B17 /* BlurView.swift in Sources */ = {isa = PBXBuildFile; fileRef = E0F5AB221AA68A6200CC4B17 /* BlurView.swift */; };
		E0F5AB3E1AA68A6300CC4B17 /* DesignableButton.swift in Sources */ = {isa = PBXBuildFile; fileRef = E0F5AB231AA68A6200CC4B17 /* DesignableButton.swift */; };
		E0F5AB3F1AA68A6300CC4B17 /* DesignableImageView.swift in Sources */ = {isa = PBXBuildFile; fileRef = E0F5AB241AA68A6200CC4B17 /* DesignableImageView.swift */; };
		E0F5AB401AA68A6300CC4B17 /* DesignableLabel.swift in Sources */ = {isa = PBXBuildFile; fileRef = E0F5AB251AA68A6200CC4B17 /* DesignableLabel.swift */; };
		E0F5AB411AA68A6300CC4B17 /* DesignableTabBarController.swift in Sources */ = {isa = PBXBuildFile; fileRef = E0F5AB261AA68A6200CC4B17 /* DesignableTabBarController.swift */; };
		E0F5AB421AA68A6300CC4B17 /* DesignableTextField.swift in Sources */ = {isa = PBXBuildFile; fileRef = E0F5AB271AA68A6200CC4B17 /* DesignableTextField.swift */; };
		E0F5AB431AA68A6300CC4B17 /* DesignableTextView.swift in Sources */ = {isa = PBXBuildFile; fileRef = E0F5AB281AA68A6300CC4B17 /* DesignableTextView.swift */; };
		E0F5AB441AA68A6300CC4B17 /* DesignableView.swift in Sources */ = {isa = PBXBuildFile; fileRef = E0F5AB291AA68A6300CC4B17 /* DesignableView.swift */; };
		E0F5AB451AA68A6300CC4B17 /* ImageLoader.swift in Sources */ = {isa = PBXBuildFile; fileRef = E0F5AB2A1AA68A6300CC4B17 /* ImageLoader.swift */; };
		E0F5AB461AA68A6300CC4B17 /* Info.plist in Resources */ = {isa = PBXBuildFile; fileRef = E0F5AB2B1AA68A6300CC4B17 /* Info.plist */; };
		E0F5AB471AA68A6300CC4B17 /* KeyboardLayoutConstraint.swift in Sources */ = {isa = PBXBuildFile; fileRef = E0F5AB2C1AA68A6300CC4B17 /* KeyboardLayoutConstraint.swift */; };
		E0F5AB481AA68A6300CC4B17 /* LoadingView.swift in Sources */ = {isa = PBXBuildFile; fileRef = E0F5AB2D1AA68A6300CC4B17 /* LoadingView.swift */; };
		E0F5AB491AA68A6300CC4B17 /* LoadingView.xib in Resources */ = {isa = PBXBuildFile; fileRef = E0F5AB2E1AA68A6300CC4B17 /* LoadingView.xib */; };
		E0F5AB4A1AA68A6300CC4B17 /* Misc.swift in Sources */ = {isa = PBXBuildFile; fileRef = E0F5AB2F1AA68A6300CC4B17 /* Misc.swift */; };
		E0F5AB4B1AA68A6300CC4B17 /* SoundPlayer.swift in Sources */ = {isa = PBXBuildFile; fileRef = E0F5AB301AA68A6300CC4B17 /* SoundPlayer.swift */; };
		E0F5AB4C1AA68A6300CC4B17 /* Spring.swift in Sources */ = {isa = PBXBuildFile; fileRef = E0F5AB321AA68A6300CC4B17 /* Spring.swift */; };
		E0F5AB4D1AA68A6300CC4B17 /* SpringAnimation.swift in Sources */ = {isa = PBXBuildFile; fileRef = E0F5AB331AA68A6300CC4B17 /* SpringAnimation.swift */; };
		E0F5AB4E1AA68A6300CC4B17 /* SpringButton.swift in Sources */ = {isa = PBXBuildFile; fileRef = E0F5AB341AA68A6300CC4B17 /* SpringButton.swift */; };
		E0F5AB4F1AA68A6300CC4B17 /* SpringImageView.swift in Sources */ = {isa = PBXBuildFile; fileRef = E0F5AB351AA68A6300CC4B17 /* SpringImageView.swift */; };
		E0F5AB501AA68A6300CC4B17 /* SpringLabel.swift in Sources */ = {isa = PBXBuildFile; fileRef = E0F5AB361AA68A6300CC4B17 /* SpringLabel.swift */; };
		E0F5AB511AA68A6300CC4B17 /* SpringTextField.swift in Sources */ = {isa = PBXBuildFile; fileRef = E0F5AB371AA68A6300CC4B17 /* SpringTextField.swift */; };
		E0F5AB521AA68A6300CC4B17 /* SpringTextView.swift in Sources */ = {isa = PBXBuildFile; fileRef = E0F5AB381AA68A6300CC4B17 /* SpringTextView.swift */; };
		E0F5AB531AA68A6300CC4B17 /* SpringView.swift in Sources */ = {isa = PBXBuildFile; fileRef = E0F5AB391AA68A6300CC4B17 /* SpringView.swift */; };
		E0F5AB541AA68A6300CC4B17 /* TransitionManager.swift in Sources */ = {isa = PBXBuildFile; fileRef = E0F5AB3A1AA68A6300CC4B17 /* TransitionManager.swift */; };
		E0F5AB551AA68A6300CC4B17 /* TransitionZoom.swift in Sources */ = {isa = PBXBuildFile; fileRef = E0F5AB3B1AA68A6300CC4B17 /* TransitionZoom.swift */; };
		E0F5AB561AA68A6300CC4B17 /* UnwindSegue.swift in Sources */ = {isa = PBXBuildFile; fileRef = E0F5AB3C1AA68A6300CC4B17 /* UnwindSegue.swift */; };
/* End PBXBuildFile section */

/* Begin PBXContainerItemProxy section */
		172D525C1A84488C0049166C /* PBXContainerItemProxy */ = {
			isa = PBXContainerItemProxy;
			containerPortal = 172D523E1A84488B0049166C /* Project object */;
			proxyType = 1;
			remoteGlobalIDString = 172D52451A84488B0049166C;
			remoteInfo = Amoureux;
		};
/* End PBXContainerItemProxy section */

/* Begin PBXFileReference section */
		172D52461A84488B0049166C /* Amoureux.app */ = {isa = PBXFileReference; explicitFileType = wrapper.application; includeInIndex = 0; path = Amoureux.app; sourceTree = BUILT_PRODUCTS_DIR; };
		172D524A1A84488B0049166C /* Info.plist */ = {isa = PBXFileReference; lastKnownFileType = text.plist.xml; path = Info.plist; sourceTree = "<group>"; };
		172D524B1A84488B0049166C /* AppDelegate.swift */ = {isa = PBXFileReference; lastKnownFileType = sourcecode.swift; path = AppDelegate.swift; sourceTree = "<group>"; };
		172D524D1A84488B0049166C /* ViewController.swift */ = {isa = PBXFileReference; lastKnownFileType = sourcecode.swift; path = ViewController.swift; sourceTree = "<group>"; };
		172D52501A84488B0049166C /* Base */ = {isa = PBXFileReference; lastKnownFileType = file.storyboard; name = Base; path = Base.lproj/Main.storyboard; sourceTree = "<group>"; };
		172D52551A84488C0049166C /* Base */ = {isa = PBXFileReference; lastKnownFileType = file.xib; name = Base; path = Base.lproj/LaunchScreen.xib; sourceTree = "<group>"; };
		172D525B1A84488C0049166C /* AmoureuxTests.xctest */ = {isa = PBXFileReference; explicitFileType = wrapper.cfbundle; includeInIndex = 0; path = AmoureuxTests.xctest; sourceTree = BUILT_PRODUCTS_DIR; };
		172D52601A84488C0049166C /* Info.plist */ = {isa = PBXFileReference; lastKnownFileType = text.plist.xml; path = Info.plist; sourceTree = "<group>"; };
		172D52611A84488C0049166C /* AmoureuxTests.swift */ = {isa = PBXFileReference; lastKnownFileType = sourcecode.swift; path = AmoureuxTests.swift; sourceTree = "<group>"; };
		17DFC6721A885D1A006E2F6D /* LoginViewController.swift */ = {isa = PBXFileReference; fileEncoding = 4; lastKnownFileType = sourcecode.swift; path = LoginViewController.swift; sourceTree = "<group>"; };
		17DFC6741A885D26006E2F6D /* SignUpViewController.swift */ = {isa = PBXFileReference; fileEncoding = 4; lastKnownFileType = sourcecode.swift; path = SignUpViewController.swift; sourceTree = "<group>"; };
		4437B42F1ACF920600375375 /* FrostedSidebar.swift */ = {isa = PBXFileReference; fileEncoding = 4; lastKnownFileType = sourcecode.swift; path = FrostedSidebar.swift; sourceTree = "<group>"; };
		4437B4301ACF920600375375 /* TabBarController.swift */ = {isa = PBXFileReference; fileEncoding = 4; lastKnownFileType = sourcecode.swift; path = TabBarController.swift; sourceTree = "<group>"; };
		4437B4311ACF920600375375 /* UserViewController.swift */ = {isa = PBXFileReference; fileEncoding = 4; lastKnownFileType = sourcecode.swift; path = UserViewController.swift; sourceTree = "<group>"; };
		4437B4351ACF925900375375 /* Background.jpg */ = {isa = PBXFileReference; lastKnownFileType = image.jpeg; path = Background.jpg; sourceTree = "<group>"; };
		4437B4361ACF925900375375 /* burger.png */ = {isa = PBXFileReference; lastKnownFileType = image.png; path = burger.png; sourceTree = "<group>"; };
		4437B4371ACF925900375375 /* burger@2x.png */ = {isa = PBXFileReference; lastKnownFileType = image.png; path = "burger@2x.png"; sourceTree = "<group>"; };
		4437B4381ACF925900375375 /* click.gif */ = {isa = PBXFileReference; lastKnownFileType = image.gif; path = click.gif; sourceTree = "<group>"; };
		4437B4391ACF925900375375 /* gear.png */ = {isa = PBXFileReference; lastKnownFileType = image.png; path = gear.png; sourceTree = "<group>"; };
		4437B43A1ACF925900375375 /* gear@2x.png */ = {isa = PBXFileReference; lastKnownFileType = image.png; path = "gear@2x.png"; sourceTree = "<group>"; };
		4437B43B1ACF925900375375 /* globe.png */ = {isa = PBXFileReference; lastKnownFileType = image.png; path = globe.png; sourceTree = "<group>"; };
		4437B43C1ACF925900375375 /* globe@2x.png */ = {isa = PBXFileReference; lastKnownFileType = image.png; path = "globe@2x.png"; sourceTree = "<group>"; };
		4437B43D1ACF925900375375 /* profile.png */ = {isa = PBXFileReference; lastKnownFileType = image.png; path = profile.png; sourceTree = "<group>"; };
		4437B43E1ACF925900375375 /* profile@2x.png */ = {isa = PBXFileReference; lastKnownFileType = image.png; path = "profile@2x.png"; sourceTree = "<group>"; };
		4437B43F1ACF925900375375 /* star.png */ = {isa = PBXFileReference; lastKnownFileType = image.png; path = star.png; sourceTree = "<group>"; };
		4437B4401ACF925900375375 /* star@2x.png */ = {isa = PBXFileReference; lastKnownFileType = image.png; path = "star@2x.png"; sourceTree = "<group>"; };
		4437B44D1ACF9A3D00375375 /* Images.xcassets */ = {isa = PBXFileReference; lastKnownFileType = folder.assetcatalog; path = Images.xcassets; sourceTree = "<group>"; };
		4438D3521A9DB41E00FB9D45 /* Animal.swift */ = {isa = PBXFileReference; fileEncoding = 4; lastKnownFileType = sourcecode.swift; path = Animal.swift; sourceTree = "<group>"; };
		4438D3541A9DB41E00FB9D45 /* CenterViewController.swift */ = {isa = PBXFileReference; fileEncoding = 4; lastKnownFileType = sourcecode.swift; path = CenterViewController.swift; sourceTree = "<group>"; };
		4438D3551A9DB41E00FB9D45 /* ContainerViewController.swift */ = {isa = PBXFileReference; fileEncoding = 4; lastKnownFileType = sourcecode.swift; path = ContainerViewController.swift; sourceTree = "<group>"; };
		4438D3591A9DB41E00FB9D45 /* ID-100113060.jpg */ = {isa = PBXFileReference; lastKnownFileType = image.jpeg; path = "ID-100113060.jpg"; sourceTree = "<group>"; };
		4438D35A1A9DB41E00FB9D45 /* ID-10011404.jpg */ = {isa = PBXFileReference; lastKnownFileType = image.jpeg; path = "ID-10011404.jpg"; sourceTree = "<group>"; };
		4438D35B1A9DB41E00FB9D45 /* ID-10017782.jpg */ = {isa = PBXFileReference; lastKnownFileType = image.jpeg; path = "ID-10017782.jpg"; sourceTree = "<group>"; };
		4438D35C1A9DB41E00FB9D45 /* ID-10019208.jpg */ = {isa = PBXFileReference; lastKnownFileType = image.jpeg; path = "ID-10019208.jpg"; sourceTree = "<group>"; };
		4438D35D1A9DB41E00FB9D45 /* ID-10022760.jpg */ = {isa = PBXFileReference; lastKnownFileType = image.jpeg; path = "ID-10022760.jpg"; sourceTree = "<group>"; };
		4438D35E1A9DB41E00FB9D45 /* ID-10041194.jpg */ = {isa = PBXFileReference; lastKnownFileType = image.jpeg; path = "ID-10041194.jpg"; sourceTree = "<group>"; };
		4438D35F1A9DB41E00FB9D45 /* ID-10047796.jpg */ = {isa = PBXFileReference; lastKnownFileType = image.jpeg; path = "ID-10047796.jpg"; sourceTree = "<group>"; };
		4438D3601A9DB41E00FB9D45 /* ID-10056941.jpg */ = {isa = PBXFileReference; lastKnownFileType = image.jpeg; path = "ID-10056941.jpg"; sourceTree = "<group>"; };
		4438D3611A9DB41E00FB9D45 /* ID-10091065.jpg */ = {isa = PBXFileReference; lastKnownFileType = image.jpeg; path = "ID-10091065.jpg"; sourceTree = "<group>"; };
		4438D3621A9DB41E00FB9D45 /* ID-10091745.jpg */ = {isa = PBXFileReference; lastKnownFileType = image.jpeg; path = "ID-10091745.jpg"; sourceTree = "<group>"; };
		4438D3631A9DB41E00FB9D45 /* ID-10092572.jpg */ = {isa = PBXFileReference; lastKnownFileType = image.jpeg; path = "ID-10092572.jpg"; sourceTree = "<group>"; };
		4438D3651A9DB41E00FB9D45 /* ID-100120.jpg */ = {isa = PBXFileReference; lastKnownFileType = image.jpeg; path = "ID-100120.jpg"; sourceTree = "<group>"; };
		4438D3661A9DB41E00FB9D45 /* ID-10012923.jpg */ = {isa = PBXFileReference; lastKnownFileType = image.jpeg; path = "ID-10012923.jpg"; sourceTree = "<group>"; };
		4438D3671A9DB41E00FB9D45 /* ID-100136.jpg */ = {isa = PBXFileReference; lastKnownFileType = image.jpeg; path = "ID-100136.jpg"; sourceTree = "<group>"; };
		4438D3681A9DB41E00FB9D45 /* ID-100137.jpg */ = {isa = PBXFileReference; lastKnownFileType = image.jpeg; path = "ID-100137.jpg"; sourceTree = "<group>"; };
		4438D3691A9DB41E00FB9D45 /* ID-100140.jpg */ = {isa = PBXFileReference; lastKnownFileType = image.jpeg; path = "ID-100140.jpg"; sourceTree = "<group>"; };
		4438D36A1A9DB41E00FB9D45 /* ID-10016005.jpg */ = {isa = PBXFileReference; lastKnownFileType = image.jpeg; path = "ID-10016005.jpg"; sourceTree = "<group>"; };
		4438D36B1A9DB41E00FB9D45 /* ID-10018395.jpg */ = {isa = PBXFileReference; lastKnownFileType = image.jpeg; path = "ID-10018395.jpg"; sourceTree = "<group>"; };
		4438D36C1A9DB41E00FB9D45 /* ID-10021769.jpg */ = {isa = PBXFileReference; lastKnownFileType = image.jpeg; path = "ID-10021769.jpg"; sourceTree = "<group>"; };
		4438D36D1A9DB41E00FB9D45 /* ID-10034505.jpg */ = {isa = PBXFileReference; lastKnownFileType = image.jpeg; path = "ID-10034505.jpg"; sourceTree = "<group>"; };
		4438D36E1A9DB41E00FB9D45 /* ID-10056667.jpg */ = {isa = PBXFileReference; lastKnownFileType = image.jpeg; path = "ID-10056667.jpg"; sourceTree = "<group>"; };
		4438D36F1A9DB41E00FB9D45 /* ID-1009881.jpg */ = {isa = PBXFileReference; lastKnownFileType = image.jpeg; path = "ID-1009881.jpg"; sourceTree = "<group>"; };
		4438D3701A9DB41E00FB9D45 /* ID-10029135.jpg */ = {isa = PBXFileReference; lastKnownFileType = image.jpeg; path = "ID-10029135.jpg"; sourceTree = "<group>"; };
		4438D3711A9DB41E00FB9D45 /* SidePanelViewController.swift */ = {isa = PBXFileReference; fileEncoding = 4; lastKnownFileType = sourcecode.swift; path = SidePanelViewController.swift; sourceTree = "<group>"; };
		4438D3731A9DB41E00FB9D45 /* Info.plist */ = {isa = PBXFileReference; fileEncoding = 4; lastKnownFileType = text.plist.xml; path = Info.plist; sourceTree = "<group>"; };
		E0F5AB221AA68A6200CC4B17 /* BlurView.swift */ = {isa = PBXFileReference; fileEncoding = 4; lastKnownFileType = sourcecode.swift; path = BlurView.swift; sourceTree = "<group>"; };
		E0F5AB231AA68A6200CC4B17 /* DesignableButton.swift */ = {isa = PBXFileReference; fileEncoding = 4; lastKnownFileType = sourcecode.swift; path = DesignableButton.swift; sourceTree = "<group>"; };
		E0F5AB241AA68A6200CC4B17 /* DesignableImageView.swift */ = {isa = PBXFileReference; fileEncoding = 4; lastKnownFileType = sourcecode.swift; path = DesignableImageView.swift; sourceTree = "<group>"; };
		E0F5AB251AA68A6200CC4B17 /* DesignableLabel.swift */ = {isa = PBXFileReference; fileEncoding = 4; lastKnownFileType = sourcecode.swift; path = DesignableLabel.swift; sourceTree = "<group>"; };
		E0F5AB261AA68A6200CC4B17 /* DesignableTabBarController.swift */ = {isa = PBXFileReference; fileEncoding = 4; lastKnownFileType = sourcecode.swift; path = DesignableTabBarController.swift; sourceTree = "<group>"; };
		E0F5AB271AA68A6200CC4B17 /* DesignableTextField.swift */ = {isa = PBXFileReference; fileEncoding = 4; lastKnownFileType = sourcecode.swift; path = DesignableTextField.swift; sourceTree = "<group>"; };
		E0F5AB281AA68A6300CC4B17 /* DesignableTextView.swift */ = {isa = PBXFileReference; fileEncoding = 4; lastKnownFileType = sourcecode.swift; path = DesignableTextView.swift; sourceTree = "<group>"; };
		E0F5AB291AA68A6300CC4B17 /* DesignableView.swift */ = {isa = PBXFileReference; fileEncoding = 4; lastKnownFileType = sourcecode.swift; path = DesignableView.swift; sourceTree = "<group>"; };
		E0F5AB2A1AA68A6300CC4B17 /* ImageLoader.swift */ = {isa = PBXFileReference; fileEncoding = 4; lastKnownFileType = sourcecode.swift; path = ImageLoader.swift; sourceTree = "<group>"; };
		E0F5AB2B1AA68A6300CC4B17 /* Info.plist */ = {isa = PBXFileReference; fileEncoding = 4; lastKnownFileType = text.plist.xml; path = Info.plist; sourceTree = "<group>"; };
		E0F5AB2C1AA68A6300CC4B17 /* KeyboardLayoutConstraint.swift */ = {isa = PBXFileReference; fileEncoding = 4; lastKnownFileType = sourcecode.swift; path = KeyboardLayoutConstraint.swift; sourceTree = "<group>"; };
		E0F5AB2D1AA68A6300CC4B17 /* LoadingView.swift */ = {isa = PBXFileReference; fileEncoding = 4; lastKnownFileType = sourcecode.swift; path = LoadingView.swift; sourceTree = "<group>"; };
		E0F5AB2E1AA68A6300CC4B17 /* LoadingView.xib */ = {isa = PBXFileReference; fileEncoding = 4; lastKnownFileType = file.xib; path = LoadingView.xib; sourceTree = "<group>"; };
		E0F5AB2F1AA68A6300CC4B17 /* Misc.swift */ = {isa = PBXFileReference; fileEncoding = 4; lastKnownFileType = sourcecode.swift; path = Misc.swift; sourceTree = "<group>"; };
		E0F5AB301AA68A6300CC4B17 /* SoundPlayer.swift */ = {isa = PBXFileReference; fileEncoding = 4; lastKnownFileType = sourcecode.swift; path = SoundPlayer.swift; sourceTree = "<group>"; };
		E0F5AB311AA68A6300CC4B17 /* Spring.h */ = {isa = PBXFileReference; fileEncoding = 4; lastKnownFileType = sourcecode.c.h; path = Spring.h; sourceTree = "<group>"; };
		E0F5AB321AA68A6300CC4B17 /* Spring.swift */ = {isa = PBXFileReference; fileEncoding = 4; lastKnownFileType = sourcecode.swift; path = Spring.swift; sourceTree = "<group>"; };
		E0F5AB331AA68A6300CC4B17 /* SpringAnimation.swift */ = {isa = PBXFileReference; fileEncoding = 4; lastKnownFileType = sourcecode.swift; path = SpringAnimation.swift; sourceTree = "<group>"; };
		E0F5AB341AA68A6300CC4B17 /* SpringButton.swift */ = {isa = PBXFileReference; fileEncoding = 4; lastKnownFileType = sourcecode.swift; path = SpringButton.swift; sourceTree = "<group>"; };
		E0F5AB351AA68A6300CC4B17 /* SpringImageView.swift */ = {isa = PBXFileReference; fileEncoding = 4; lastKnownFileType = sourcecode.swift; path = SpringImageView.swift; sourceTree = "<group>"; };
		E0F5AB361AA68A6300CC4B17 /* SpringLabel.swift */ = {isa = PBXFileReference; fileEncoding = 4; lastKnownFileType = sourcecode.swift; path = SpringLabel.swift; sourceTree = "<group>"; };
		E0F5AB371AA68A6300CC4B17 /* SpringTextField.swift */ = {isa = PBXFileReference; fileEncoding = 4; lastKnownFileType = sourcecode.swift; path = SpringTextField.swift; sourceTree = "<group>"; };
		E0F5AB381AA68A6300CC4B17 /* SpringTextView.swift */ = {isa = PBXFileReference; fileEncoding = 4; lastKnownFileType = sourcecode.swift; path = SpringTextView.swift; sourceTree = "<group>"; };
		E0F5AB391AA68A6300CC4B17 /* SpringView.swift */ = {isa = PBXFileReference; fileEncoding = 4; lastKnownFileType = sourcecode.swift; path = SpringView.swift; sourceTree = "<group>"; };
		E0F5AB3A1AA68A6300CC4B17 /* TransitionManager.swift */ = {isa = PBXFileReference; fileEncoding = 4; lastKnownFileType = sourcecode.swift; path = TransitionManager.swift; sourceTree = "<group>"; };
		E0F5AB3B1AA68A6300CC4B17 /* TransitionZoom.swift */ = {isa = PBXFileReference; fileEncoding = 4; lastKnownFileType = sourcecode.swift; path = TransitionZoom.swift; sourceTree = "<group>"; };
		E0F5AB3C1AA68A6300CC4B17 /* UnwindSegue.swift */ = {isa = PBXFileReference; fileEncoding = 4; lastKnownFileType = sourcecode.swift; path = UnwindSegue.swift; sourceTree = "<group>"; };
/* End PBXFileReference section */

/* Begin PBXFrameworksBuildPhase section */
		172D52431A84488B0049166C /* Frameworks */ = {
			isa = PBXFrameworksBuildPhase;
			buildActionMask = 2147483647;
			files = (
			);
			runOnlyForDeploymentPostprocessing = 0;
		};
		172D52581A84488C0049166C /* Frameworks */ = {
			isa = PBXFrameworksBuildPhase;
			buildActionMask = 2147483647;
			files = (
			);
			runOnlyForDeploymentPostprocessing = 0;
		};
/* End PBXFrameworksBuildPhase section */

/* Begin PBXGroup section */
		172D523D1A84488B0049166C = {
			isa = PBXGroup;
			children = (
				172D52481A84488B0049166C /* Amoureux */,
				172D525E1A84488C0049166C /* AmoureuxTests */,
				172D52471A84488B0049166C /* Products */,
			);
			sourceTree = "<group>";
		};
		172D52471A84488B0049166C /* Products */ = {
			isa = PBXGroup;
			children = (
				172D52461A84488B0049166C /* Amoureux.app */,
				172D525B1A84488C0049166C /* AmoureuxTests.xctest */,
			);
			name = Products;
			sourceTree = "<group>";
		};
		172D52481A84488B0049166C /* Amoureux */ = {
			isa = PBXGroup;
			children = (
				4437B42F1ACF920600375375 /* FrostedSidebar.swift */,
				4437B4301ACF920600375375 /* TabBarController.swift */,
				4437B4311ACF920600375375 /* UserViewController.swift */,
				4437B44D1ACF9A3D00375375 /* Images.xcassets */,
				4438D3521A9DB41E00FB9D45 /* Animal.swift */,
				4438D3541A9DB41E00FB9D45 /* CenterViewController.swift */,
				4438D3551A9DB41E00FB9D45 /* ContainerViewController.swift */,
				4438D3711A9DB41E00FB9D45 /* SidePanelViewController.swift */,
				172D524B1A84488B0049166C /* AppDelegate.swift */,
				172D524D1A84488B0049166C /* ViewController.swift */,
				172D524F1A84488B0049166C /* Main.storyboard */,
				172D52541A84488C0049166C /* LaunchScreen.xib */,
				17DFC6721A885D1A006E2F6D /* LoginViewController.swift */,
				17DFC6741A885D26006E2F6D /* SignUpViewController.swift */,
				E0F5AB211AA68A6200CC4B17 /* Spring */,
				4438D3571A9DB41E00FB9D45 /* Resources */,
				4438D3721A9DB41E00FB9D45 /* Supporting Files */,
				3F518C601A940577001E3F78 /* po */,
				3F518C631A940624001E3F78 /* dao */,
				3F518C651A940657001E3F78 /* daoimpl */,
				3F518C641A94062F001E3F78 /* service */,
				3F518C661A940662001E3F78 /* serviceimpl */,
				3F518C611A9405B2001E3F78 /* vo */,
				3F518C671A940697001E3F78 /* exception */,
				3F518C621A9405B9001E3F78 /* util */,
				172D52491A84488B0049166C /* Supporting Files */,
			);
			path = Amoureux;
			sourceTree = "<group>";
		};
		172D52491A84488B0049166C /* Supporting Files */ = {
			isa = PBXGroup;
			children = (
				4437B4351ACF925900375375 /* Background.jpg */,
				4437B4361ACF925900375375 /* burger.png */,
				4437B4371ACF925900375375 /* burger@2x.png */,
				4437B4381ACF925900375375 /* click.gif */,
				4437B4391ACF925900375375 /* gear.png */,
				4437B43A1ACF925900375375 /* gear@2x.png */,
				4437B43B1ACF925900375375 /* globe.png */,
				4437B43C1ACF925900375375 /* globe@2x.png */,
				4437B43D1ACF925900375375 /* profile.png */,
				4437B43E1ACF925900375375 /* profile@2x.png */,
				4437B43F1ACF925900375375 /* star.png */,
				4437B4401ACF925900375375 /* star@2x.png */,
				172D524A1A84488B0049166C /* Info.plist */,
			);
			name = "Supporting Files";
			sourceTree = "<group>";
		};
		172D525E1A84488C0049166C /* AmoureuxTests */ = {
			isa = PBXGroup;
			children = (
				172D52611A84488C0049166C /* AmoureuxTests.swift */,
				172D525F1A84488C0049166C /* Supporting Files */,
			);
			path = AmoureuxTests;
			sourceTree = "<group>";
		};
		172D525F1A84488C0049166C /* Supporting Files */ = {
			isa = PBXGroup;
			children = (
				172D52601A84488C0049166C /* Info.plist */,
			);
			name = "Supporting Files";
			sourceTree = "<group>";
		};
		3F518C601A940577001E3F78 /* po */ = {
			isa = PBXGroup;
			children = (
			);
			name = po;
			sourceTree = "<group>";
		};
		3F518C611A9405B2001E3F78 /* vo */ = {
			isa = PBXGroup;
			children = (
			);
			name = vo;
			sourceTree = "<group>";
		};
		3F518C621A9405B9001E3F78 /* util */ = {
			isa = PBXGroup;
			children = (
			);
			name = util;
			sourceTree = "<group>";
		};
		3F518C631A940624001E3F78 /* dao */ = {
			isa = PBXGroup;
			children = (
			);
			name = dao;
			sourceTree = "<group>";
		};
		3F518C641A94062F001E3F78 /* service */ = {
			isa = PBXGroup;
			children = (
			);
			name = service;
			sourceTree = "<group>";
		};
		3F518C651A940657001E3F78 /* daoimpl */ = {
			isa = PBXGroup;
			children = (
			);
			name = daoimpl;
			sourceTree = "<group>";
		};
		3F518C661A940662001E3F78 /* serviceimpl */ = {
			isa = PBXGroup;
			children = (
			);
			name = serviceimpl;
			sourceTree = "<group>";
		};
		3F518C671A940697001E3F78 /* exception */ = {
			isa = PBXGroup;
			children = (
			);
			name = exception;
			sourceTree = "<group>";
		};
		4438D3571A9DB41E00FB9D45 /* Resources */ = {
			isa = PBXGroup;
			children = (
				4438D3581A9DB41E00FB9D45 /* Cats */,
				4438D3641A9DB41E00FB9D45 /* Dogs */,
				4438D3701A9DB41E00FB9D45 /* ID-10029135.jpg */,
			);
			path = Resources;
			sourceTree = "<group>";
		};
		4438D3581A9DB41E00FB9D45 /* Cats */ = {
			isa = PBXGroup;
			children = (
				4438D3591A9DB41E00FB9D45 /* ID-100113060.jpg */,
				4438D35A1A9DB41E00FB9D45 /* ID-10011404.jpg */,
				4438D35B1A9DB41E00FB9D45 /* ID-10017782.jpg */,
				4438D35C1A9DB41E00FB9D45 /* ID-10019208.jpg */,
				4438D35D1A9DB41E00FB9D45 /* ID-10022760.jpg */,
				4438D35E1A9DB41E00FB9D45 /* ID-10041194.jpg */,
				4438D35F1A9DB41E00FB9D45 /* ID-10047796.jpg */,
				4438D3601A9DB41E00FB9D45 /* ID-10056941.jpg */,
				4438D3611A9DB41E00FB9D45 /* ID-10091065.jpg */,
				4438D3621A9DB41E00FB9D45 /* ID-10091745.jpg */,
				4438D3631A9DB41E00FB9D45 /* ID-10092572.jpg */,
			);
			path = Cats;
			sourceTree = "<group>";
		};
		4438D3641A9DB41E00FB9D45 /* Dogs */ = {
			isa = PBXGroup;
			children = (
				4438D3651A9DB41E00FB9D45 /* ID-100120.jpg */,
				4438D3661A9DB41E00FB9D45 /* ID-10012923.jpg */,
				4438D3671A9DB41E00FB9D45 /* ID-100136.jpg */,
				4438D3681A9DB41E00FB9D45 /* ID-100137.jpg */,
				4438D3691A9DB41E00FB9D45 /* ID-100140.jpg */,
				4438D36A1A9DB41E00FB9D45 /* ID-10016005.jpg */,
				4438D36B1A9DB41E00FB9D45 /* ID-10018395.jpg */,
				4438D36C1A9DB41E00FB9D45 /* ID-10021769.jpg */,
				4438D36D1A9DB41E00FB9D45 /* ID-10034505.jpg */,
				4438D36E1A9DB41E00FB9D45 /* ID-10056667.jpg */,
				4438D36F1A9DB41E00FB9D45 /* ID-1009881.jpg */,
			);
			path = Dogs;
			sourceTree = "<group>";
		};
		4438D3721A9DB41E00FB9D45 /* Supporting Files */ = {
			isa = PBXGroup;
			children = (
				4438D3731A9DB41E00FB9D45 /* Info.plist */,
			);
			path = "Supporting Files";
			sourceTree = "<group>";
		};
		E0F5AB211AA68A6200CC4B17 /* Spring */ = {
			isa = PBXGroup;
			children = (
				E0F5AB221AA68A6200CC4B17 /* BlurView.swift */,
				E0F5AB231AA68A6200CC4B17 /* DesignableButton.swift */,
				E0F5AB241AA68A6200CC4B17 /* DesignableImageView.swift */,
				E0F5AB251AA68A6200CC4B17 /* DesignableLabel.swift */,
				E0F5AB261AA68A6200CC4B17 /* DesignableTabBarController.swift */,
				E0F5AB271AA68A6200CC4B17 /* DesignableTextField.swift */,
				E0F5AB281AA68A6300CC4B17 /* DesignableTextView.swift */,
				E0F5AB291AA68A6300CC4B17 /* DesignableView.swift */,
				E0F5AB2A1AA68A6300CC4B17 /* ImageLoader.swift */,
				E0F5AB2B1AA68A6300CC4B17 /* Info.plist */,
				E0F5AB2C1AA68A6300CC4B17 /* KeyboardLayoutConstraint.swift */,
				E0F5AB2D1AA68A6300CC4B17 /* LoadingView.swift */,
				E0F5AB2E1AA68A6300CC4B17 /* LoadingView.xib */,
				E0F5AB2F1AA68A6300CC4B17 /* Misc.swift */,
				E0F5AB301AA68A6300CC4B17 /* SoundPlayer.swift */,
				E0F5AB311AA68A6300CC4B17 /* Spring.h */,
				E0F5AB321AA68A6300CC4B17 /* Spring.swift */,
				E0F5AB331AA68A6300CC4B17 /* SpringAnimation.swift */,
				E0F5AB341AA68A6300CC4B17 /* SpringButton.swift */,
				E0F5AB351AA68A6300CC4B17 /* SpringImageView.swift */,
				E0F5AB361AA68A6300CC4B17 /* SpringLabel.swift */,
				E0F5AB371AA68A6300CC4B17 /* SpringTextField.swift */,
				E0F5AB381AA68A6300CC4B17 /* SpringTextView.swift */,
				E0F5AB391AA68A6300CC4B17 /* SpringView.swift */,
				E0F5AB3A1AA68A6300CC4B17 /* TransitionManager.swift */,
				E0F5AB3B1AA68A6300CC4B17 /* TransitionZoom.swift */,
				E0F5AB3C1AA68A6300CC4B17 /* UnwindSegue.swift */,
			);
			name = Spring;
			path = Amoureux/Spring;
			sourceTree = SOURCE_ROOT;
		};
/* End PBXGroup section */

/* Begin PBXNativeTarget section */
		172D52451A84488B0049166C /* Amoureux */ = {
			isa = PBXNativeTarget;
			buildConfigurationList = 172D52651A84488C0049166C /* Build configuration list for PBXNativeTarget "Amoureux" */;
			buildPhases = (
				172D52421A84488B0049166C /* Sources */,
				172D52431A84488B0049166C /* Frameworks */,
				172D52441A84488B0049166C /* Resources */,
			);
			buildRules = (
			);
			dependencies = (
			);
			name = Amoureux;
			productName = Amoureux;
			productReference = 172D52461A84488B0049166C /* Amoureux.app */;
			productType = "com.apple.product-type.application";
		};
		172D525A1A84488C0049166C /* AmoureuxTests */ = {
			isa = PBXNativeTarget;
			buildConfigurationList = 172D52681A84488C0049166C /* Build configuration list for PBXNativeTarget "AmoureuxTests" */;
			buildPhases = (
				172D52571A84488C0049166C /* Sources */,
				172D52581A84488C0049166C /* Frameworks */,
				172D52591A84488C0049166C /* Resources */,
			);
			buildRules = (
			);
			dependencies = (
				172D525D1A84488C0049166C /* PBXTargetDependency */,
			);
			name = AmoureuxTests;
			productName = AmoureuxTests;
			productReference = 172D525B1A84488C0049166C /* AmoureuxTests.xctest */;
			productType = "com.apple.product-type.bundle.unit-test";
		};
/* End PBXNativeTarget section */

/* Begin PBXProject section */
		172D523E1A84488B0049166C /* Project object */ = {
			isa = PBXProject;
			attributes = {
				LastUpgradeCheck = 0610;
				ORGANIZATIONNAME = NYU;
				TargetAttributes = {
					172D52451A84488B0049166C = {
						CreatedOnToolsVersion = 6.1.1;
					};
					172D525A1A84488C0049166C = {
						CreatedOnToolsVersion = 6.1.1;
						TestTargetID = 172D52451A84488B0049166C;
					};
				};
			};
			buildConfigurationList = 172D52411A84488B0049166C /* Build configuration list for PBXProject "Amoureux" */;
			compatibilityVersion = "Xcode 3.2";
			developmentRegion = English;
			hasScannedForEncodings = 0;
			knownRegions = (
				en,
				Base,
			);
			mainGroup = 172D523D1A84488B0049166C;
			productRefGroup = 172D52471A84488B0049166C /* Products */;
			projectDirPath = "";
			projectRoot = "";
			targets = (
				172D52451A84488B0049166C /* Amoureux */,
				172D525A1A84488C0049166C /* AmoureuxTests */,
			);
		};
/* End PBXProject section */

/* Begin PBXResourcesBuildPhase section */
		172D52441A84488B0049166C /* Resources */ = {
			isa = PBXResourcesBuildPhase;
			buildActionMask = 2147483647;
			files = (
				4438D38E1A9DB41E00FB9D45 /* ID-1009881.jpg in Resources */,
				4437B4421ACF925900375375 /* burger.png in Resources */,
				4438D37E1A9DB41E00FB9D45 /* ID-10041194.jpg in Resources */,
				4438D38A1A9DB41E00FB9D45 /* ID-10018395.jpg in Resources */,
				4437B4451ACF925900375375 /* gear.png in Resources */,
				4438D38F1A9DB41E00FB9D45 /* ID-10029135.jpg in Resources */,
				172D52511A84488B0049166C /* Main.storyboard in Resources */,
				4438D3801A9DB41E00FB9D45 /* ID-10056941.jpg in Resources */,
				4437B4461ACF925900375375 /* gear@2x.png in Resources */,
				4437B4481ACF925900375375 /* globe@2x.png in Resources */,
				4438D3851A9DB41E00FB9D45 /* ID-10012923.jpg in Resources */,
				4437B4491ACF925900375375 /* profile.png in Resources */,
				4438D3871A9DB41E00FB9D45 /* ID-100137.jpg in Resources */,
				4438D37B1A9DB41E00FB9D45 /* ID-10017782.jpg in Resources */,
				E0F5AB491AA68A6300CC4B17 /* LoadingView.xib in Resources */,
				4438D38B1A9DB41E00FB9D45 /* ID-10021769.jpg in Resources */,
				4438D37A1A9DB41E00FB9D45 /* ID-10011404.jpg in Resources */,
				4438D38C1A9DB41E00FB9D45 /* ID-10034505.jpg in Resources */,
				4438D3891A9DB41E00FB9D45 /* ID-10016005.jpg in Resources */,
				4438D3881A9DB41E00FB9D45 /* ID-100140.jpg in Resources */,
				4437B44B1ACF925900375375 /* star.png in Resources */,
				4437B4431ACF925900375375 /* burger@2x.png in Resources */,
				4438D3811A9DB41E00FB9D45 /* ID-10091065.jpg in Resources */,
				4437B4471ACF925900375375 /* globe.png in Resources */,
				4437B44C1ACF925900375375 /* star@2x.png in Resources */,
				4437B4411ACF925900375375 /* Background.jpg in Resources */,
				E0F5AB461AA68A6300CC4B17 /* Info.plist in Resources */,
				172D52561A84488C0049166C /* LaunchScreen.xib in Resources */,
				4438D3861A9DB41E00FB9D45 /* ID-100136.jpg in Resources */,
				4438D37C1A9DB41E00FB9D45 /* ID-10019208.jpg in Resources */,
				4437B44A1ACF925900375375 /* profile@2x.png in Resources */,
				4438D38D1A9DB41E00FB9D45 /* ID-10056667.jpg in Resources */,
				4438D3911A9DB41E00FB9D45 /* Info.plist in Resources */,
				4437B44E1ACF9A3D00375375 /* Images.xcassets in Resources */,
				4438D3841A9DB41E00FB9D45 /* ID-100120.jpg in Resources */,
				4438D3791A9DB41E00FB9D45 /* ID-100113060.jpg in Resources */,
				4438D3831A9DB41E00FB9D45 /* ID-10092572.jpg in Resources */,
				4438D37D1A9DB41E00FB9D45 /* ID-10022760.jpg in Resources */,
				4437B4441ACF925900375375 /* click.gif in Resources */,
				4438D37F1A9DB41E00FB9D45 /* ID-10047796.jpg in Resources */,
				4438D3821A9DB41E00FB9D45 /* ID-10091745.jpg in Resources */,
			);
			runOnlyForDeploymentPostprocessing = 0;
		};
		172D52591A84488C0049166C /* Resources */ = {
			isa = PBXResourcesBuildPhase;
			buildActionMask = 2147483647;
			files = (
			);
			runOnlyForDeploymentPostprocessing = 0;
		};
/* End PBXResourcesBuildPhase section */

/* Begin PBXSourcesBuildPhase section */
		172D52421A84488B0049166C /* Sources */ = {
			isa = PBXSourcesBuildPhase;
			buildActionMask = 2147483647;
			files = (
				17DFC6731A885D1A006E2F6D /* LoginViewController.swift in Sources */,
				E0F5AB4B1AA68A6300CC4B17 /* SoundPlayer.swift in Sources */,
				E0F5AB3F1AA68A6300CC4B17 /* DesignableImageView.swift in Sources */,
				E0F5AB511AA68A6300CC4B17 /* SpringTextField.swift in Sources */,
				4438D3771A9DB41E00FB9D45 /* ContainerViewController.swift in Sources */,
				E0F5AB421AA68A6300CC4B17 /* DesignableTextField.swift in Sources */,
				E0F5AB541AA68A6300CC4B17 /* TransitionManager.swift in Sources */,
				E0F5AB4D1AA68A6300CC4B17 /* SpringAnimation.swift in Sources */,
				4438D3901A9DB41E00FB9D45 /* SidePanelViewController.swift in Sources */,
				E0F5AB471AA68A6300CC4B17 /* KeyboardLayoutConstraint.swift in Sources */,
				E0F5AB3E1AA68A6300CC4B17 /* DesignableButton.swift in Sources */,
				172D524E1A84488B0049166C /* ViewController.swift in Sources */,
				4438D3761A9DB41E00FB9D45 /* CenterViewController.swift in Sources */,
				E0F5AB441AA68A6300CC4B17 /* DesignableView.swift in Sources */,
				E0F5AB551AA68A6300CC4B17 /* TransitionZoom.swift in Sources */,
				E0F5AB3D1AA68A6300CC4B17 /* BlurView.swift in Sources */,
				17DFC6751A885D26006E2F6D /* SignUpViewController.swift in Sources */,
				E0F5AB451AA68A6300CC4B17 /* ImageLoader.swift in Sources */,
				E0F5AB531AA68A6300CC4B17 /* SpringView.swift in Sources */,
				E0F5AB501AA68A6300CC4B17 /* SpringLabel.swift in Sources */,
				E0F5AB4A1AA68A6300CC4B17 /* Misc.swift in Sources */,
				4437B4341ACF920600375375 /* UserViewController.swift in Sources */,
				E0F5AB411AA68A6300CC4B17 /* DesignableTabBarController.swift in Sources */,
				172D524C1A84488B0049166C /* AppDelegate.swift in Sources */,
				4437B4331ACF920600375375 /* TabBarController.swift in Sources */,
				E0F5AB431AA68A6300CC4B17 /* DesignableTextView.swift in Sources */,
				E0F5AB4C1AA68A6300CC4B17 /* Spring.swift in Sources */,
				E0F5AB4E1AA68A6300CC4B17 /* SpringButton.swift in Sources */,
				E0F5AB561AA68A6300CC4B17 /* UnwindSegue.swift in Sources */,
				4437B4321ACF920600375375 /* FrostedSidebar.swift in Sources */,
				E0F5AB401AA68A6300CC4B17 /* DesignableLabel.swift in Sources */,
				E0F5AB4F1AA68A6300CC4B17 /* SpringImageView.swift in Sources */,
				E0F5AB481AA68A6300CC4B17 /* LoadingView.swift in Sources */,
				E0F5AB521AA68A6300CC4B17 /* SpringTextView.swift in Sources */,
				4438D3741A9DB41E00FB9D45 /* Animal.swift in Sources */,
			);
			runOnlyForDeploymentPostprocessing = 0;
		};
		172D52571A84488C0049166C /* Sources */ = {
			isa = PBXSourcesBuildPhase;
			buildActionMask = 2147483647;
			files = (
				172D52621A84488C0049166C /* AmoureuxTests.swift in Sources */,
			);
			runOnlyForDeploymentPostprocessing = 0;
		};
/* End PBXSourcesBuildPhase section */

/* Begin PBXTargetDependency section */
		172D525D1A84488C0049166C /* PBXTargetDependency */ = {
			isa = PBXTargetDependency;
			target = 172D52451A84488B0049166C /* Amoureux */;
			targetProxy = 172D525C1A84488C0049166C /* PBXContainerItemProxy */;
		};
/* End PBXTargetDependency section */

/* Begin PBXVariantGroup section */
		172D524F1A84488B0049166C /* Main.storyboard */ = {
			isa = PBXVariantGroup;
			children = (
				172D52501A84488B0049166C /* Base */,
			);
			name = Main.storyboard;
			sourceTree = "<group>";
		};
		172D52541A84488C0049166C /* LaunchScreen.xib */ = {
			isa = PBXVariantGroup;
			children = (
				172D52551A84488C0049166C /* Base */,
			);
			name = LaunchScreen.xib;
			sourceTree = "<group>";
		};
/* End PBXVariantGroup section */

/* Begin XCBuildConfiguration section */
		172D52631A84488C0049166C /* Debug */ = {
			isa = XCBuildConfiguration;
			buildSettings = {
				ALWAYS_SEARCH_USER_PATHS = NO;
				CLANG_CXX_LANGUAGE_STANDARD = "gnu++0x";
				CLANG_CXX_LIBRARY = "libc++";
				CLANG_ENABLE_MODULES = YES;
				CLANG_ENABLE_OBJC_ARC = YES;
				CLANG_WARN_BOOL_CONVERSION = YES;
				CLANG_WARN_CONSTANT_CONVERSION = YES;
				CLANG_WARN_DIRECT_OBJC_ISA_USAGE = YES_ERROR;
				CLANG_WARN_EMPTY_BODY = YES;
				CLANG_WARN_ENUM_CONVERSION = YES;
				CLANG_WARN_INT_CONVERSION = YES;
				CLANG_WARN_OBJC_ROOT_CLASS = YES_ERROR;
				CLANG_WARN_UNREACHABLE_CODE = YES;
				CLANG_WARN__DUPLICATE_METHOD_MATCH = YES;
				"CODE_SIGN_IDENTITY[sdk=iphoneos*]" = "iPhone Developer";
				COPY_PHASE_STRIP = NO;
				ENABLE_STRICT_OBJC_MSGSEND = YES;
				GCC_C_LANGUAGE_STANDARD = gnu99;
				GCC_DYNAMIC_NO_PIC = NO;
				GCC_OPTIMIZATION_LEVEL = 0;
				GCC_PREPROCESSOR_DEFINITIONS = (
					"DEBUG=1",
					"$(inherited)",
				);
				GCC_SYMBOLS_PRIVATE_EXTERN = NO;
				GCC_WARN_64_TO_32_BIT_CONVERSION = YES;
				GCC_WARN_ABOUT_RETURN_TYPE = YES_ERROR;
				GCC_WARN_UNDECLARED_SELECTOR = YES;
				GCC_WARN_UNINITIALIZED_AUTOS = YES_AGGRESSIVE;
				GCC_WARN_UNUSED_FUNCTION = YES;
				GCC_WARN_UNUSED_VARIABLE = YES;
				IPHONEOS_DEPLOYMENT_TARGET = 8.1;
				MTL_ENABLE_DEBUG_INFO = YES;
				ONLY_ACTIVE_ARCH = YES;
				SDKROOT = iphoneos;
				SWIFT_OPTIMIZATION_LEVEL = "-Onone";
				TARGETED_DEVICE_FAMILY = "1,2";
			};
			name = Debug;
		};
		172D52641A84488C0049166C /* Release */ = {
			isa = XCBuildConfiguration;
			buildSettings = {
				ALWAYS_SEARCH_USER_PATHS = NO;
				CLANG_CXX_LANGUAGE_STANDARD = "gnu++0x";
				CLANG_CXX_LIBRARY = "libc++";
				CLANG_ENABLE_MODULES = YES;
				CLANG_ENABLE_OBJC_ARC = YES;
				CLANG_WARN_BOOL_CONVERSION = YES;
				CLANG_WARN_CONSTANT_CONVERSION = YES;
				CLANG_WARN_DIRECT_OBJC_ISA_USAGE = YES_ERROR;
				CLANG_WARN_EMPTY_BODY = YES;
				CLANG_WARN_ENUM_CONVERSION = YES;
				CLANG_WARN_INT_CONVERSION = YES;
				CLANG_WARN_OBJC_ROOT_CLASS = YES_ERROR;
				CLANG_WARN_UNREACHABLE_CODE = YES;
				CLANG_WARN__DUPLICATE_METHOD_MATCH = YES;
				"CODE_SIGN_IDENTITY[sdk=iphoneos*]" = "iPhone Developer";
				COPY_PHASE_STRIP = YES;
				ENABLE_NS_ASSERTIONS = NO;
				ENABLE_STRICT_OBJC_MSGSEND = YES;
				GCC_C_LANGUAGE_STANDARD = gnu99;
				GCC_WARN_64_TO_32_BIT_CONVERSION = YES;
				GCC_WARN_ABOUT_RETURN_TYPE = YES_ERROR;
				GCC_WARN_UNDECLARED_SELECTOR = YES;
				GCC_WARN_UNINITIALIZED_AUTOS = YES_AGGRESSIVE;
				GCC_WARN_UNUSED_FUNCTION = YES;
				GCC_WARN_UNUSED_VARIABLE = YES;
				IPHONEOS_DEPLOYMENT_TARGET = 8.1;
				MTL_ENABLE_DEBUG_INFO = NO;
				SDKROOT = iphoneos;
				TARGETED_DEVICE_FAMILY = "1,2";
				VALIDATE_PRODUCT = YES;
			};
			name = Release;
		};
		172D52661A84488C0049166C /* Debug */ = {
			isa = XCBuildConfiguration;
			buildSettings = {
				ASSETCATALOG_COMPILER_APPICON_NAME = AppIcon;
				INFOPLIST_FILE = Amoureux/Info.plist;
				LD_RUNPATH_SEARCH_PATHS = "$(inherited) @executable_path/Frameworks";
				PRODUCT_NAME = "$(TARGET_NAME)";
			};
			name = Debug;
		};
		172D52671A84488C0049166C /* Release */ = {
			isa = XCBuildConfiguration;
			buildSettings = {
				ASSETCATALOG_COMPILER_APPICON_NAME = AppIcon;
				INFOPLIST_FILE = Amoureux/Info.plist;
				LD_RUNPATH_SEARCH_PATHS = "$(inherited) @executable_path/Frameworks";
				PRODUCT_NAME = "$(TARGET_NAME)";
			};
			name = Release;
		};
		172D52691A84488C0049166C /* Debug */ = {
			isa = XCBuildConfiguration;
			buildSettings = {
				BUNDLE_LOADER = "$(TEST_HOST)";
				FRAMEWORK_SEARCH_PATHS = (
					"$(SDKROOT)/Developer/Library/Frameworks",
					"$(inherited)",
				);
				GCC_PREPROCESSOR_DEFINITIONS = (
					"DEBUG=1",
					"$(inherited)",
				);
				INFOPLIST_FILE = AmoureuxTests/Info.plist;
				LD_RUNPATH_SEARCH_PATHS = "$(inherited) @executable_path/Frameworks @loader_path/Frameworks";
				PRODUCT_NAME = "$(TARGET_NAME)";
				TEST_HOST = "$(BUILT_PRODUCTS_DIR)/Amoureux.app/Amoureux";
			};
			name = Debug;
		};
		172D526A1A84488C0049166C /* Release */ = {
			isa = XCBuildConfiguration;
			buildSettings = {
				BUNDLE_LOADER = "$(TEST_HOST)";
				FRAMEWORK_SEARCH_PATHS = (
					"$(SDKROOT)/Developer/Library/Frameworks",
					"$(inherited)",
				);
				INFOPLIST_FILE = AmoureuxTests/Info.plist;
				LD_RUNPATH_SEARCH_PATHS = "$(inherited) @executable_path/Frameworks @loader_path/Frameworks";
				PRODUCT_NAME = "$(TARGET_NAME)";
				TEST_HOST = "$(BUILT_PRODUCTS_DIR)/Amoureux.app/Amoureux";
			};
			name = Release;
		};
/* End XCBuildConfiguration section */

/* Begin XCConfigurationList section */
		172D52411A84488B0049166C /* Build configuration list for PBXProject "Amoureux" */ = {
			isa = XCConfigurationList;
			buildConfigurations = (
				172D52631A84488C0049166C /* Debug */,
				172D52641A84488C0049166C /* Release */,
			);
			defaultConfigurationIsVisible = 0;
			defaultConfigurationName = Release;
		};
		172D52651A84488C0049166C /* Build configuration list for PBXNativeTarget "Amoureux" */ = {
			isa = XCConfigurationList;
			buildConfigurations = (
				172D52661A84488C0049166C /* Debug */,
				172D52671A84488C0049166C /* Release */,
			);
			defaultConfigurationIsVisible = 0;
			defaultConfigurationName = Release;
		};
		172D52681A84488C0049166C /* Build configuration list for PBXNativeTarget "AmoureuxTests" */ = {
			isa = XCConfigurationList;
			buildConfigurations = (
				172D52691A84488C0049166C /* Debug */,
				172D526A1A84488C0049166C /* Release */,
			);
			defaultConfigurationIsVisible = 0;
			defaultConfigurationName = Release;
		};
/* End XCConfigurationList section */
	};
	rootObject = 172D523E1A84488B0049166C /* Project object */;
}
